# This file is automatically @generated by Cargo.
# It is not intended for manual editing.
version = 3

[[package]]
name = "ahash"
version = "0.8.3"
source = "registry+https://github.com/rust-lang/crates.io-index"
checksum = "2c99f64d1e06488f620f932677e24bc6e2897582980441ae90a671415bd7ec2f"
dependencies = [
 "cfg-if",
 "const-random",
 "getrandom",
 "once_cell",
 "version_check",
]

[[package]]
name = "aho-corasick"
version = "1.0.2"
source = "registry+https://github.com/rust-lang/crates.io-index"
checksum = "43f6cb1bf222025340178f382c426f13757b2960e89779dfcb319c32542a5a41"
dependencies = [
 "memchr",
]

[[package]]
name = "alloc-no-stdlib"
version = "2.0.4"
source = "registry+https://github.com/rust-lang/crates.io-index"
checksum = "cc7bb162ec39d46ab1ca8c77bf72e890535becd1751bb45f64c597edb4c8c6b3"

[[package]]
name = "alloc-stdlib"
version = "0.2.2"
source = "registry+https://github.com/rust-lang/crates.io-index"
checksum = "94fb8275041c72129eb51b7d0322c29b8387a0386127718b096429201a5d6ece"
dependencies = [
 "alloc-no-stdlib",
]

[[package]]
name = "autocfg"
version = "1.1.0"
source = "registry+https://github.com/rust-lang/crates.io-index"
checksum = "d468802bab17cbc0cc575e9b053f41e72aa36bfa6b7f55e3529ffa43161b97fa"

[[package]]
name = "bindgen"
version = "0.62.0"
source = "registry+https://github.com/rust-lang/crates.io-index"
checksum = "c6720a8b7b2d39dd533285ed438d458f65b31b5c257e6ac7bb3d7e82844dd722"
dependencies = [
 "bitflags",
 "cexpr",
 "clang-sys",
 "lazy_static",
 "lazycell",
 "peeking_take_while",
 "proc-macro2",
 "quote",
 "regex",
 "rustc-hash",
 "shlex",
 "syn 1.0.109",
]

[[package]]
name = "bitflags"
version = "1.3.2"
source = "registry+https://github.com/rust-lang/crates.io-index"
checksum = "bef38d45163c2f1dde094a7dfd33ccf595c92905c8f8f4fdc18d06fb1037718a"

[[package]]
name = "brotli"
version = "3.3.4"
source = "registry+https://github.com/rust-lang/crates.io-index"
checksum = "a1a0b1dbcc8ae29329621f8d4f0d835787c1c38bb1401979b49d13b0b305ff68"
dependencies = [
 "alloc-no-stdlib",
 "alloc-stdlib",
 "brotli-decompressor",
]

[[package]]
name = "brotli-decompressor"
version = "2.3.4"
source = "registry+https://github.com/rust-lang/crates.io-index"
checksum = "4b6561fd3f895a11e8f72af2cb7d22e08366bebc2b6b57f7744c4bda27034744"
dependencies = [
 "alloc-no-stdlib",
 "alloc-stdlib",
]

[[package]]
name = "bumpalo"
version = "3.13.0"
source = "registry+https://github.com/rust-lang/crates.io-index"
checksum = "a3e2c3daef883ecc1b5d58c15adae93470a91d425f3532ba1695849656af3fc1"

[[package]]
name = "castaway"
version = "0.2.2"
source = "registry+https://github.com/rust-lang/crates.io-index"
checksum = "8a17ed5635fc8536268e5d4de1e22e81ac34419e5f052d4d51f4e01dcc263fcc"
dependencies = [
 "rustversion",
]

[[package]]
name = "cexpr"
version = "0.6.0"
source = "registry+https://github.com/rust-lang/crates.io-index"
checksum = "6fac387a98bb7c37292057cffc56d62ecb629900026402633ae9160df93a8766"
dependencies = [
 "nom",
]

[[package]]
name = "cfg-if"
version = "1.0.0"
source = "registry+https://github.com/rust-lang/crates.io-index"
checksum = "baf1de4339761588bc0619e3cbc0120ee582ebb74b53b4efbf79117bd2da40fd"

[[package]]
name = "clang-sys"
version = "1.6.1"
source = "registry+https://github.com/rust-lang/crates.io-index"
checksum = "c688fc74432808e3eb684cae8830a86be1d66a2bd58e1f248ed0960a590baf6f"
dependencies = [
 "glob",
 "libc",
 "libloading",
]

[[package]]
name = "compact_str"
version = "0.7.0"
source = "registry+https://github.com/rust-lang/crates.io-index"
checksum = "bff0805f79ecb1b35163f3957a6934ea8d04fcd36ef98b52e7316f63e72e73d1"
dependencies = [
 "castaway",
 "cfg-if",
 "itoa",
 "ryu",
 "static_assertions",
]

[[package]]
name = "const-random"
version = "0.1.15"
source = "registry+https://github.com/rust-lang/crates.io-index"
checksum = "368a7a772ead6ce7e1de82bfb04c485f3db8ec744f72925af5735e29a22cc18e"
dependencies = [
 "const-random-macro",
 "proc-macro-hack",
]

[[package]]
name = "const-random-macro"
version = "0.1.15"
source = "registry+https://github.com/rust-lang/crates.io-index"
checksum = "9d7d6ab3c3a2282db210df5f02c4dab6e0a7057af0fb7ebd4070f30fe05c0ddb"
dependencies = [
 "getrandom",
 "once_cell",
 "proc-macro-hack",
 "tiny-keccak",
]

[[package]]
name = "crossbeam-channel"
version = "0.5.8"
source = "registry+https://github.com/rust-lang/crates.io-index"
checksum = "a33c2bf77f2df06183c3aa30d1e96c0695a313d4f9c453cc3762a6db39f99200"
dependencies = [
 "cfg-if",
 "crossbeam-utils",
]

[[package]]
name = "crossbeam-deque"
version = "0.8.3"
source = "registry+https://github.com/rust-lang/crates.io-index"
checksum = "ce6fd6f855243022dcecf8702fef0c297d4338e226845fe067f6341ad9fa0cef"
dependencies = [
 "cfg-if",
 "crossbeam-epoch",
 "crossbeam-utils",
]

[[package]]
name = "crossbeam-epoch"
version = "0.9.15"
source = "registry+https://github.com/rust-lang/crates.io-index"
checksum = "ae211234986c545741a7dc064309f67ee1e5ad243d0e48335adc0484d960bcc7"
dependencies = [
 "autocfg",
 "cfg-if",
 "crossbeam-utils",
 "memoffset",
 "scopeguard",
]

[[package]]
name = "crossbeam-utils"
version = "0.8.16"
source = "registry+https://github.com/rust-lang/crates.io-index"
checksum = "5a22b2d63d4d1dc0b7f1b6b2747dd0088008a9be28b6ddf0b1e7d335e3037294"
dependencies = [
 "cfg-if",
]

[[package]]
name = "crunchy"
version = "0.2.2"
source = "registry+https://github.com/rust-lang/crates.io-index"
checksum = "7a81dae078cea95a014a339291cec439d2f232ebe854a9d672b796c6afafa9b7"

[[package]]
name = "either"
version = "1.8.1"
source = "registry+https://github.com/rust-lang/crates.io-index"
checksum = "7fcaabb2fef8c910e7f4c7ce9f67a1283a1715879a7c230ca9d6d1ae31f16d91"

[[package]]
name = "fraction"
version = "0.13.1"
source = "registry+https://github.com/rust-lang/crates.io-index"
checksum = "3027ae1df8d41b4bed2241c8fdad4acc1e7af60c8e17743534b545e77182d678"
dependencies = [
 "lazy_static",
 "num",
]

[[package]]
name = "getrandom"
version = "0.2.10"
source = "registry+https://github.com/rust-lang/crates.io-index"
checksum = "be4136b2a15dd319360be1c07d9933517ccf0be8f16bf62a3bee4f0d618df427"
dependencies = [
 "cfg-if",
 "libc",
 "wasi",
]

[[package]]
name = "glob"
version = "0.3.1"
source = "registry+https://github.com/rust-lang/crates.io-index"
checksum = "d2fabcfbdc87f4758337ca535fb41a6d701b65693ce38287d856d1674551ec9b"

[[package]]
name = "heck"
version = "0.4.1"
source = "registry+https://github.com/rust-lang/crates.io-index"
checksum = "95505c38b4572b2d910cecb0281560f54b440a19336cbbcb27bf6ce6adc6f5a8"

[[package]]
name = "hermit-abi"
version = "0.2.6"
source = "registry+https://github.com/rust-lang/crates.io-index"
checksum = "ee512640fe35acbfb4bb779db6f0d80704c2cacfa2e39b601ef3e3f47d1ae4c7"
dependencies = [
 "libc",
]

[[package]]
name = "include_dir"
version = "0.7.3"
source = "registry+https://github.com/rust-lang/crates.io-index"
checksum = "18762faeff7122e89e0857b02f7ce6fcc0d101d5e9ad2ad7846cc01d61b7f19e"
dependencies = [
 "include_dir_macros",
]

[[package]]
name = "include_dir_macros"
version = "0.7.3"
source = "registry+https://github.com/rust-lang/crates.io-index"
checksum = "b139284b5cf57ecfa712bcc66950bb635b31aff41c188e8a4cfc758eca374a3f"
dependencies = [
 "proc-macro2",
 "quote",
]

[[package]]
name = "itertools"
version = "0.10.5"
source = "registry+https://github.com/rust-lang/crates.io-index"
checksum = "b0fd2260e829bddf4cb6ea802289de2f86d6a7a690192fbe91b3f46e0f2c8473"
dependencies = [
 "either",
]

[[package]]
name = "itoa"
version = "1.0.6"
source = "registry+https://github.com/rust-lang/crates.io-index"
checksum = "453ad9f582a441959e5f0d088b02ce04cfe8d51a8eaf077f12ac6d3e94164ca6"

[[package]]
name = "js-sys"
version = "0.3.64"
source = "registry+https://github.com/rust-lang/crates.io-index"
checksum = "c5f195fe497f702db0f318b07fdd68edb16955aed830df8363d837542f8f935a"
dependencies = [
 "wasm-bindgen",
]

[[package]]
name = "lazy_static"
version = "1.4.0"
source = "registry+https://github.com/rust-lang/crates.io-index"
checksum = "e2abad23fbc42b3700f2f279844dc832adb2b2eb069b2df918f455c4e18cc646"

[[package]]
name = "lazycell"
version = "1.3.0"
source = "registry+https://github.com/rust-lang/crates.io-index"
checksum = "830d08ce1d1d941e6b30645f1a0eb5643013d835ce3779a5fc208261dbe10f55"

[[package]]
name = "libc"
version = "0.2.146"
source = "registry+https://github.com/rust-lang/crates.io-index"
checksum = "f92be4933c13fd498862a9e02a3055f8a8d9c039ce33db97306fd5a6caa7f29b"

[[package]]
name = "libloading"
version = "0.7.4"
source = "registry+https://github.com/rust-lang/crates.io-index"
checksum = "b67380fd3b2fbe7527a606e18729d21c6f3951633d0500574c4dc22d2d638b9f"
dependencies = [
 "cfg-if",
 "winapi",
]

[[package]]
name = "lingua"
version = "1.5.0"
source = "registry+https://github.com/rust-lang/crates.io-index"
checksum = "6dc858be45965c868f5fa4a3c57d61842ff8aa2f2b1308eea14babbee5ef2478"
dependencies = [
 "ahash",
 "brotli",
 "compact_str",
 "fraction",
 "include_dir",
 "itertools",
 "lingua-afrikaans-language-model",
 "lingua-albanian-language-model",
 "lingua-arabic-language-model",
 "lingua-armenian-language-model",
 "lingua-azerbaijani-language-model",
 "lingua-basque-language-model",
 "lingua-belarusian-language-model",
 "lingua-bengali-language-model",
 "lingua-bokmal-language-model",
 "lingua-bosnian-language-model",
 "lingua-bulgarian-language-model",
 "lingua-catalan-language-model",
 "lingua-chinese-language-model",
 "lingua-croatian-language-model",
 "lingua-czech-language-model",
 "lingua-danish-language-model",
 "lingua-dutch-language-model",
 "lingua-english-language-model",
 "lingua-esperanto-language-model",
 "lingua-estonian-language-model",
 "lingua-finnish-language-model",
 "lingua-french-language-model",
 "lingua-ganda-language-model",
 "lingua-georgian-language-model",
 "lingua-german-language-model",
 "lingua-greek-language-model",
 "lingua-gujarati-language-model",
 "lingua-hebrew-language-model",
 "lingua-hindi-language-model",
 "lingua-hungarian-language-model",
 "lingua-icelandic-language-model",
 "lingua-indonesian-language-model",
 "lingua-irish-language-model",
 "lingua-italian-language-model",
 "lingua-japanese-language-model",
 "lingua-kazakh-language-model",
 "lingua-korean-language-model",
 "lingua-latin-language-model",
 "lingua-latvian-language-model",
 "lingua-lithuanian-language-model",
 "lingua-macedonian-language-model",
 "lingua-malay-language-model",
 "lingua-maori-language-model",
 "lingua-marathi-language-model",
 "lingua-mongolian-language-model",
 "lingua-nynorsk-language-model",
 "lingua-persian-language-model",
 "lingua-polish-language-model",
 "lingua-portuguese-language-model",
 "lingua-punjabi-language-model",
 "lingua-romanian-language-model",
 "lingua-russian-language-model",
 "lingua-serbian-language-model",
 "lingua-shona-language-model",
 "lingua-slovak-language-model",
 "lingua-slovene-language-model",
 "lingua-somali-language-model",
 "lingua-sotho-language-model",
 "lingua-spanish-language-model",
 "lingua-swahili-language-model",
 "lingua-swedish-language-model",
 "lingua-tagalog-language-model",
 "lingua-tamil-language-model",
 "lingua-telugu-language-model",
 "lingua-thai-language-model",
 "lingua-tsonga-language-model",
 "lingua-tswana-language-model",
 "lingua-turkish-language-model",
 "lingua-ukrainian-language-model",
 "lingua-urdu-language-model",
 "lingua-vietnamese-language-model",
 "lingua-welsh-language-model",
 "lingua-xhosa-language-model",
 "lingua-yoruba-language-model",
 "lingua-zulu-language-model",
 "maplit",
 "once_cell",
 "rayon",
 "regex",
 "serde",
 "serde-wasm-bindgen",
 "serde_json",
 "strum",
 "strum_macros",
 "wasm-bindgen",
]

[[package]]
name = "lingua-afrikaans-language-model"
version = "1.1.0"
source = "registry+https://github.com/rust-lang/crates.io-index"
checksum = "a97df3a7cd698a09753cb32c0f403cf9f698fa0ae1b081fc1b14fc4707301392"
dependencies = [
 "include_dir",
]

[[package]]
name = "lingua-albanian-language-model"
version = "1.1.0"
source = "registry+https://github.com/rust-lang/crates.io-index"
checksum = "c1f78f0468f3337d53bd1cdc481e0f1c445e33ce43650d654d8b56037daa1996"
dependencies = [
 "include_dir",
]

[[package]]
name = "lingua-arabic-language-model"
version = "1.1.0"
source = "registry+https://github.com/rust-lang/crates.io-index"
checksum = "6ada75100728990b05bacaec7693efebf0c8b911599ac0c082cb4ed576bf494d"
dependencies = [
 "include_dir",
]

[[package]]
name = "lingua-armenian-language-model"
version = "1.1.0"
source = "registry+https://github.com/rust-lang/crates.io-index"
checksum = "d126f4182866345c5df9cef2e0a3ca64891d7bf0325c31f99df360c00c72bc0f"
dependencies = [
 "include_dir",
]

[[package]]
name = "lingua-azerbaijani-language-model"
version = "1.1.0"
source = "registry+https://github.com/rust-lang/crates.io-index"
checksum = "962742b8bed5483adb31cfd12b4ee79fc8dccfa602bb4c25a240579236394892"
dependencies = [
 "include_dir",
]

[[package]]
name = "lingua-basque-language-model"
version = "1.1.0"
source = "registry+https://github.com/rust-lang/crates.io-index"
checksum = "710aa0c4203d3c019b624601233b0035723087ba2cb9de8572632cb8c5ac97a4"
dependencies = [
 "include_dir",
]

[[package]]
name = "lingua-belarusian-language-model"
version = "1.1.0"
source = "registry+https://github.com/rust-lang/crates.io-index"
checksum = "a5b76ec320c7646f0c8849371530ba5332d64f640fc170c14d63102bd27580f5"
dependencies = [
 "include_dir",
]

[[package]]
name = "lingua-bengali-language-model"
version = "1.1.0"
source = "registry+https://github.com/rust-lang/crates.io-index"
checksum = "ecf9f1c7b00c78984eee240f2188f1781a69a08b87bfb1aabd3e3cc50c0d279d"
dependencies = [
 "include_dir",
]

[[package]]
name = "lingua-bokmal-language-model"
version = "1.1.0"
source = "registry+https://github.com/rust-lang/crates.io-index"
checksum = "2a9215ee6bbe6d37222dc5dbd9d1577389810011cb8afbef6155e71a11fa5cb9"
dependencies = [
 "include_dir",
]

[[package]]
name = "lingua-bosnian-language-model"
version = "1.1.0"
source = "registry+https://github.com/rust-lang/crates.io-index"
checksum = "98f836f559334e2d9c0e1876c87e72431b25412b164efd194a840a13b49d8c3b"
dependencies = [
 "include_dir",
]

[[package]]
name = "lingua-bulgarian-language-model"
version = "1.1.0"
source = "registry+https://github.com/rust-lang/crates.io-index"
checksum = "f6639397b34419af35835a594178f93dd84edb3a146938f0f1d7013c1a48a5a1"
dependencies = [
 "include_dir",
]

[[package]]
name = "lingua-catalan-language-model"
version = "1.1.0"
source = "registry+https://github.com/rust-lang/crates.io-index"
checksum = "d0d9acd43a1320961fe4cb8571ebc0e87d9809a0e9d6d71e5cbab86fab923201"
dependencies = [
 "include_dir",
]

[[package]]
name = "lingua-chinese-language-model"
version = "1.1.0"
source = "registry+https://github.com/rust-lang/crates.io-index"
checksum = "45a1e3a38a0920f6ddbd9b6a79a8c04cd927142713b595ba32be6b811603f7c6"
dependencies = [
 "include_dir",
]

[[package]]
name = "lingua-croatian-language-model"
version = "1.1.0"
source = "registry+https://github.com/rust-lang/crates.io-index"
checksum = "66eaa997d1fa477c42d2497beeb546b63576e04cc6057a60718daabe061c2344"
dependencies = [
 "include_dir",
]

[[package]]
name = "lingua-czech-language-model"
version = "1.1.0"
source = "registry+https://github.com/rust-lang/crates.io-index"
checksum = "ed98f50055cb5c9b06c20da82029c8cfe204332ab3360349545cbc3d465cd1d1"
dependencies = [
 "include_dir",
]

[[package]]
name = "lingua-danish-language-model"
version = "1.1.0"
source = "registry+https://github.com/rust-lang/crates.io-index"
checksum = "0adc4abde17e94cf023a1ae4f3bcda3b13dcfecfc1f6421f59f17f904d5b5ed2"
dependencies = [
 "include_dir",
]

[[package]]
name = "lingua-dutch-language-model"
version = "1.1.0"
source = "registry+https://github.com/rust-lang/crates.io-index"
checksum = "30f3db5635a5e964d85190b5d32ca391d9f7630137630458a605c7ab33583db9"
dependencies = [
 "include_dir",
]

[[package]]
name = "lingua-english-language-model"
version = "1.1.0"
source = "registry+https://github.com/rust-lang/crates.io-index"
checksum = "fbd066693abb10083bb5b5fc1c494dda357170265021ad873ef582211817b8a8"
dependencies = [
 "include_dir",
]

[[package]]
name = "lingua-esperanto-language-model"
version = "1.1.0"
source = "registry+https://github.com/rust-lang/crates.io-index"
checksum = "7877160b3346161f2714236c9ab1c667097821c0dbb31e5bce42f23c82a157c2"
dependencies = [
 "include_dir",
]

[[package]]
name = "lingua-estonian-language-model"
version = "1.1.0"
source = "registry+https://github.com/rust-lang/crates.io-index"
checksum = "9a25c07d8a67c82a5c41d8cb2893a4032332d18abadd8d06d80a654f6a1b3c47"
dependencies = [
 "include_dir",
]

[[package]]
name = "lingua-finnish-language-model"
version = "1.1.0"
source = "registry+https://github.com/rust-lang/crates.io-index"
checksum = "d07e0f34931973ec268916cb4c183e06df880e8e43ee99124522ea8c767c9940"
dependencies = [
 "include_dir",
]

[[package]]
name = "lingua-french-language-model"
version = "1.1.0"
source = "registry+https://github.com/rust-lang/crates.io-index"
checksum = "ba406de05309b212790036e576aee4b1a71ce62b77fbd084df5bc8d7c624866f"
dependencies = [
 "include_dir",
]

[[package]]
name = "lingua-ganda-language-model"
version = "1.1.0"
source = "registry+https://github.com/rust-lang/crates.io-index"
checksum = "f9890e6f6b48bf7f2240da770020c5045a1885598c6cb6bc25df73e0182f4792"
dependencies = [
 "include_dir",
]

[[package]]
name = "lingua-georgian-language-model"
version = "1.1.0"
source = "registry+https://github.com/rust-lang/crates.io-index"
checksum = "c7392be814065ff3ff71bae7dbb463a47039a68f90d45dd34f4ca7221c0c2f01"
dependencies = [
 "include_dir",
]

[[package]]
name = "lingua-german-language-model"
version = "1.1.0"
source = "registry+https://github.com/rust-lang/crates.io-index"
checksum = "0dd4041d542b6512d415c0ea6979333e5e88698b966dda7b9bf06029bf690a13"
dependencies = [
 "include_dir",
]

[[package]]
name = "lingua-greek-language-model"
version = "1.1.0"
source = "registry+https://github.com/rust-lang/crates.io-index"
checksum = "3e1f5a17634410f527a6360979209504072ff9e71e29a0578b18a4f57dcb611b"
dependencies = [
 "include_dir",
]

[[package]]
name = "lingua-gujarati-language-model"
version = "1.1.0"
source = "registry+https://github.com/rust-lang/crates.io-index"
checksum = "0ee11b10ffdf8f4eb3d2078c9edec73fb51a36d061ddc6d6e847585a3b91909e"
dependencies = [
 "include_dir",
]

[[package]]
name = "lingua-hebrew-language-model"
version = "1.1.0"
source = "registry+https://github.com/rust-lang/crates.io-index"
checksum = "1a13c9fa3f21bfb91ed3a9710add72c332d0e36234ea9b9d5ed3d6e2235051f6"
dependencies = [
 "include_dir",
]

[[package]]
name = "lingua-hindi-language-model"
version = "1.1.0"
source = "registry+https://github.com/rust-lang/crates.io-index"
checksum = "f63659e514fa8c706d2ed0d7a04b98adb05b8c8d4bc37e3d12edb9d35ce24fd0"
dependencies = [
 "include_dir",
]

[[package]]
name = "lingua-hungarian-language-model"
version = "1.1.0"
source = "registry+https://github.com/rust-lang/crates.io-index"
checksum = "885525276c696b978c4a1aee8a2b3b9a822724e47348c260d05e9092ebd8c96e"
dependencies = [
 "include_dir",
]

[[package]]
name = "lingua-icelandic-language-model"
version = "1.1.0"
source = "registry+https://github.com/rust-lang/crates.io-index"
checksum = "b616e573df1aa0bc9881fcef4258d3445fc80f5efe3a71ab010c68eb97ab659d"
dependencies = [
 "include_dir",
]

[[package]]
name = "lingua-indonesian-language-model"
version = "1.1.0"
source = "registry+https://github.com/rust-lang/crates.io-index"
checksum = "dc06b8937f6adaad76b28fd009cbfaa6f876ebe5fa887d96dccd1dff2d21d9ad"
dependencies = [
 "include_dir",
]

[[package]]
name = "lingua-irish-language-model"
version = "1.1.0"
source = "registry+https://github.com/rust-lang/crates.io-index"
checksum = "a6258beb6627274163aac7da4dda1e6bcbcf7ff404efa603d0e59e8054f77199"
dependencies = [
 "include_dir",
]

[[package]]
name = "lingua-italian-language-model"
version = "1.1.0"
source = "registry+https://github.com/rust-lang/crates.io-index"
checksum = "0c6e138047ac4d681e419e37ad9e383878652ac19e67056ff16085d4cc82e590"
dependencies = [
 "include_dir",
]

[[package]]
name = "lingua-japanese-language-model"
version = "1.1.0"
source = "registry+https://github.com/rust-lang/crates.io-index"
checksum = "b34b94aa96a1bc0838ddda2c7912d0ebd7256bb21e7a2974e4dd8b186df501a8"
dependencies = [
 "include_dir",
]

[[package]]
name = "lingua-kazakh-language-model"
version = "1.1.0"
source = "registry+https://github.com/rust-lang/crates.io-index"
checksum = "1b64a848cc1a38dc3c4e7a5ad18b9f2ecbd6abf4c453a8898538d96e6a5c0da4"
dependencies = [
 "include_dir",
]

[[package]]
name = "lingua-korean-language-model"
version = "1.1.0"
source = "registry+https://github.com/rust-lang/crates.io-index"
checksum = "35c47aa5e5dc8d029967375081aabda462faf10b070aefc1a175ea7f42f5267c"
dependencies = [
 "include_dir",
]

[[package]]
name = "lingua-latin-language-model"
version = "1.1.0"
source = "registry+https://github.com/rust-lang/crates.io-index"
checksum = "6d0922f27e68ae15397160ab1835aefb5a878bc14f0c0ce79b6d074ee828b4d7"
dependencies = [
 "include_dir",
]

[[package]]
name = "lingua-latvian-language-model"
version = "1.1.0"
source = "registry+https://github.com/rust-lang/crates.io-index"
checksum = "0b6cc01bbfda64ccbfb00b5172d7ba9327053da8c38a85c0b71c969533cf8f08"
dependencies = [
 "include_dir",
]

[[package]]
name = "lingua-lithuanian-language-model"
version = "1.1.0"
source = "registry+https://github.com/rust-lang/crates.io-index"
checksum = "a9b68e593c8f72e77b1fe823633baae744681bd8def2dce7d2830947b41c4b1e"
dependencies = [
 "include_dir",
]

[[package]]
name = "lingua-macedonian-language-model"
version = "1.1.0"
source = "registry+https://github.com/rust-lang/crates.io-index"
checksum = "1e288bc4ec1776131580ed80d842de39bce0355bcc3cc59c519008e60f9276fe"
dependencies = [
 "include_dir",
]

[[package]]
name = "lingua-malay-language-model"
version = "1.1.0"
source = "registry+https://github.com/rust-lang/crates.io-index"
checksum = "771c6b7ab2865e2563e1ce19bf06611aad674c3f0a180ec43c03a9883e49c8aa"
dependencies = [
 "include_dir",
]

[[package]]
name = "lingua-maori-language-model"
version = "1.1.0"
source = "registry+https://github.com/rust-lang/crates.io-index"
checksum = "d653a0c16c5cfaa088bdf75e362ba4f715cbd6dbca391f1637a6c49c1e8aff90"
dependencies = [
 "include_dir",
]

[[package]]
name = "lingua-marathi-language-model"
version = "1.1.0"
source = "registry+https://github.com/rust-lang/crates.io-index"
checksum = "b1a141c8d9670ff22e541c064ccab3cfbbc2db2625ec20236d73d76dd98e8ba0"
dependencies = [
 "include_dir",
]

[[package]]
name = "lingua-mongolian-language-model"
version = "1.1.0"
source = "registry+https://github.com/rust-lang/crates.io-index"
checksum = "f53de502920af44b5d8ec7787895c0a81b0f5f43e3f3c2b80a240f2b605122c1"
dependencies = [
 "include_dir",
]

[[package]]
name = "lingua-nynorsk-language-model"
version = "1.1.0"
source = "registry+https://github.com/rust-lang/crates.io-index"
checksum = "db00b13561df244acb76927677200ff399b02d8c9b160d25a38320ef3361cfa9"
dependencies = [
 "include_dir",
]

[[package]]
name = "lingua-persian-language-model"
version = "1.1.0"
source = "registry+https://github.com/rust-lang/crates.io-index"
checksum = "043ba9b4ac7df99acaa1cd9f5925d6fc9b0fe850d3891bbeb91b27ed94f266c4"
dependencies = [
 "include_dir",
]

[[package]]
name = "lingua-polish-language-model"
version = "1.1.0"
source = "registry+https://github.com/rust-lang/crates.io-index"
checksum = "f298b650531a5d85d3101ad7db7a5cbf3b671b71f01a775e97d4165eebc9ff75"
dependencies = [
 "include_dir",
]

[[package]]
name = "lingua-portuguese-language-model"
version = "1.1.0"
source = "registry+https://github.com/rust-lang/crates.io-index"
checksum = "9df0be307b3f5e24e10e76a7841302c0ff4a6ebf818a11d3a3c5c4cecfcfe58b"
dependencies = [
 "include_dir",
]

[[package]]
name = "lingua-punjabi-language-model"
version = "1.1.0"
source = "registry+https://github.com/rust-lang/crates.io-index"
checksum = "cc529e58e6af7cca366af7fb964b4cad7a357d538d4b6a7eccde31ae4bd7604f"
dependencies = [
 "include_dir",
]

[[package]]
name = "lingua-romanian-language-model"
version = "1.1.0"
source = "registry+https://github.com/rust-lang/crates.io-index"
checksum = "b0428c13d8e05e65929ec170e807c8508c2201c63c7802c7786de0c3b78e390b"
dependencies = [
 "include_dir",
]

[[package]]
name = "lingua-russian-language-model"
version = "1.1.0"
source = "registry+https://github.com/rust-lang/crates.io-index"
checksum = "dea97d6643e90ee4fc0043c728f0c06cdd9e69d4970fd1983e5c59b3448a676e"
dependencies = [
 "include_dir",
]

[[package]]
name = "lingua-serbian-language-model"
version = "1.1.0"
source = "registry+https://github.com/rust-lang/crates.io-index"
checksum = "b7b181be3137969bf5a9e10d8773666d01223886a4d7454048fad99e7b0416db"
dependencies = [
 "include_dir",
]

[[package]]
name = "lingua-shona-language-model"
version = "1.1.0"
source = "registry+https://github.com/rust-lang/crates.io-index"
checksum = "509772c502f2a47ec7cd5b50be1bc34b51dcb98cca1f5e30143c96de61a757bb"
dependencies = [
 "include_dir",
]

[[package]]
name = "lingua-slovak-language-model"
version = "1.1.0"
source = "registry+https://github.com/rust-lang/crates.io-index"
checksum = "44e1e99e6725e99659367ac80731efc24298a7a24190ff3d777209e86be3dc40"
dependencies = [
 "include_dir",
]

[[package]]
name = "lingua-slovene-language-model"
version = "1.1.0"
source = "registry+https://github.com/rust-lang/crates.io-index"
checksum = "49fc410d0acdf3068cc9c7ae493348d47a26be0d3d8c5c23603c807befd949c1"
dependencies = [
 "include_dir",
]

[[package]]
name = "lingua-somali-language-model"
version = "1.1.0"
source = "registry+https://github.com/rust-lang/crates.io-index"
checksum = "dde8a66f8901e7e5eac9af985ace066bd5ed3643815beaecb2d7a7b86645d0b3"
dependencies = [
 "include_dir",
]

[[package]]
name = "lingua-sotho-language-model"
version = "1.1.0"
source = "registry+https://github.com/rust-lang/crates.io-index"
checksum = "58084eb81faf32f62c922e8b3f3dfdcadacf5de934edfb7d3b1acb3759d89f04"
dependencies = [
 "include_dir",
]

[[package]]
name = "lingua-spanish-language-model"
version = "1.1.0"
source = "registry+https://github.com/rust-lang/crates.io-index"
checksum = "d45be9bede9b9d6d53b6e06047822a18dbd83e5d515736afecd85c1e71cc6070"
dependencies = [
 "include_dir",
]

[[package]]
name = "lingua-swahili-language-model"
version = "1.1.0"
source = "registry+https://github.com/rust-lang/crates.io-index"
checksum = "f251246905cf56e519af87095fd31264417c19de83fb9e2e0ade5e8c27af4fe3"
dependencies = [
 "include_dir",
]

[[package]]
name = "lingua-swedish-language-model"
version = "1.1.0"
source = "registry+https://github.com/rust-lang/crates.io-index"
checksum = "2c0289dc7e5654aac497c829369b811ae1870eb9d5f76c6b82527bbe5470aa0d"
dependencies = [
 "include_dir",
]

[[package]]
name = "lingua-tagalog-language-model"
version = "1.1.0"
source = "registry+https://github.com/rust-lang/crates.io-index"
checksum = "cc5cb889e86a8a62f56f06d0d9bd92d16f697151a9b3dcdefef0ba39624c5cb0"
dependencies = [
 "include_dir",
]

[[package]]
name = "lingua-tamil-language-model"
version = "1.1.0"
source = "registry+https://github.com/rust-lang/crates.io-index"
checksum = "630d10fabcd5a289b5cd4b651df0c448692a3e55cc7e28334313a2d76d2916e5"
dependencies = [
 "include_dir",
]

[[package]]
name = "lingua-telugu-language-model"
version = "1.1.0"
source = "registry+https://github.com/rust-lang/crates.io-index"
checksum = "0501f9b52fc247ef4e1f4020fd44a90cccddf9914724977cb3440eced01cbe07"
dependencies = [
 "include_dir",
]

[[package]]
name = "lingua-thai-language-model"
version = "1.1.0"
source = "registry+https://github.com/rust-lang/crates.io-index"
checksum = "194b09209fc63d986d8ef9505689756eff1935fa52fd91031b60e7d546ca3c76"
dependencies = [
 "include_dir",
]

[[package]]
name = "lingua-tsonga-language-model"
version = "1.1.0"
source = "registry+https://github.com/rust-lang/crates.io-index"
checksum = "5aa10493e6bb3bfd8591254a5657eb98bad6be33334c4ebd791edb354fc83b07"
dependencies = [
 "include_dir",
]

[[package]]
name = "lingua-tswana-language-model"
version = "1.1.0"
source = "registry+https://github.com/rust-lang/crates.io-index"
checksum = "5db016128507f4eb48dbe96b05be134c9385f6752da7949c653a24e3c4661e37"
dependencies = [
 "include_dir",
]

[[package]]
name = "lingua-turkish-language-model"
version = "1.1.0"
source = "registry+https://github.com/rust-lang/crates.io-index"
checksum = "7b517e12fe94ce80e7f8f380fdd2c0223bcfe351c0898c9a83f56f78b3afad81"
dependencies = [
 "include_dir",
]

[[package]]
name = "lingua-ukrainian-language-model"
version = "1.1.0"
source = "registry+https://github.com/rust-lang/crates.io-index"
checksum = "14ed035dd4b7ec5f76fe3b07e5f499d76c4cdb2a6d275459e4cdd3a3d21f131a"
dependencies = [
 "include_dir",
]

[[package]]
name = "lingua-urdu-language-model"
version = "1.1.0"
source = "registry+https://github.com/rust-lang/crates.io-index"
checksum = "1b9edb8e15e88004b5b89e80f1bf41237770c5536805494dcf627f7ec550eaf4"
dependencies = [
 "include_dir",
]

[[package]]
name = "lingua-vietnamese-language-model"
version = "1.1.0"
source = "registry+https://github.com/rust-lang/crates.io-index"
checksum = "07d08afaf263906aa3f2bfaffaf52eecd368992685e2468f1ba7f85f3e41fd49"
dependencies = [
 "include_dir",
]

[[package]]
name = "lingua-welsh-language-model"
version = "1.1.0"
source = "registry+https://github.com/rust-lang/crates.io-index"
checksum = "07c47a533b66772fdd7ece069359900b18824851464a4dd4fd8e4b29928d19b1"
dependencies = [
 "include_dir",
]

[[package]]
name = "lingua-xhosa-language-model"
version = "1.1.0"
source = "registry+https://github.com/rust-lang/crates.io-index"
checksum = "55a48851d35933a57c6f87a4fdc25d7eeba8eff98f1852b00d7c8c15b2a818fb"
dependencies = [
 "include_dir",
]

[[package]]
name = "lingua-yoruba-language-model"
version = "1.1.0"
source = "registry+https://github.com/rust-lang/crates.io-index"
checksum = "5bf6365215ffb772d22c18fbf55b1503ad292aa9a5e93d1249d9307117f6b0ef"
dependencies = [
 "include_dir",
]

[[package]]
name = "lingua-zulu-language-model"
version = "1.1.0"
source = "registry+https://github.com/rust-lang/crates.io-index"
checksum = "63f8b5c7f412d078f37ffd2874297afce76719c4b1b7c4856af0fa4e8f89abe2"
dependencies = [
 "include_dir",
]

[[package]]
name = "log"
version = "0.4.19"
source = "registry+https://github.com/rust-lang/crates.io-index"
checksum = "b06a4cde4c0f271a446782e3eff8de789548ce57dbc8eca9292c27f4a42004b4"

[[package]]
name = "magnus"
version = "0.5.4"
source = "registry+https://github.com/rust-lang/crates.io-index"
checksum = "b560c3c0284c9ec7c30b7ba823896387423225add3f107213a794b73853c7505"
dependencies = [
 "magnus-macros",
 "rb-sys",
 "rb-sys-env",
]

[[package]]
name = "magnus-macros"
version = "0.4.1"
source = "registry+https://github.com/rust-lang/crates.io-index"
checksum = "6cc17af1d45442c011aa579d727ec6cff8a69aea8a6bbad26736e7112d749bfb"
dependencies = [
 "proc-macro2",
 "quote",
 "syn 1.0.109",
]

[[package]]
name = "maplit"
version = "1.0.2"
source = "registry+https://github.com/rust-lang/crates.io-index"
checksum = "3e2e65a1a2e43cfcb47a895c4c8b10d1f4a61097f9f254f183aee60cad9c651d"

[[package]]
name = "memchr"
version = "2.5.0"
source = "registry+https://github.com/rust-lang/crates.io-index"
checksum = "2dffe52ecf27772e601905b7522cb4ef790d2cc203488bbd0e2fe85fcb74566d"

[[package]]
name = "memoffset"
version = "0.9.0"
source = "registry+https://github.com/rust-lang/crates.io-index"
checksum = "5a634b1c61a95585bd15607c6ab0c4e5b226e695ff2800ba0cdccddf208c406c"
dependencies = [
 "autocfg",
]

[[package]]
name = "minimal-lexical"
version = "0.2.1"
source = "registry+https://github.com/rust-lang/crates.io-index"
checksum = "68354c5c6bd36d73ff3feceb05efa59b6acb7626617f4962be322a825e61f79a"

[[package]]
name = "nom"
version = "7.1.3"
source = "registry+https://github.com/rust-lang/crates.io-index"
checksum = "d273983c5a657a70a3e8f2a01329822f3b8c8172b73826411a55751e404a0a4a"
dependencies = [
 "memchr",
 "minimal-lexical",
]

[[package]]
name = "num"
version = "0.4.0"
source = "registry+https://github.com/rust-lang/crates.io-index"
checksum = "43db66d1170d347f9a065114077f7dccb00c1b9478c89384490a3425279a4606"
dependencies = [
 "num-bigint",
 "num-complex",
 "num-integer",
 "num-iter",
 "num-rational",
 "num-traits",
]

[[package]]
name = "num-bigint"
version = "0.4.3"
source = "registry+https://github.com/rust-lang/crates.io-index"
checksum = "f93ab6289c7b344a8a9f60f88d80aa20032336fe78da341afc91c8a2341fc75f"
dependencies = [
 "autocfg",
 "num-integer",
 "num-traits",
]

[[package]]
name = "num-complex"
version = "0.4.3"
source = "registry+https://github.com/rust-lang/crates.io-index"
checksum = "02e0d21255c828d6f128a1e41534206671e8c3ea0c62f32291e808dc82cff17d"
dependencies = [
 "num-traits",
]

[[package]]
name = "num-integer"
version = "0.1.45"
source = "registry+https://github.com/rust-lang/crates.io-index"
checksum = "225d3389fb3509a24c93f5c29eb6bde2586b98d9f016636dff58d7c6f7569cd9"
dependencies = [
 "autocfg",
 "num-traits",
]

[[package]]
name = "num-iter"
version = "0.1.43"
source = "registry+https://github.com/rust-lang/crates.io-index"
checksum = "7d03e6c028c5dc5cac6e2dec0efda81fc887605bb3d884578bb6d6bf7514e252"
dependencies = [
 "autocfg",
 "num-integer",
 "num-traits",
]

[[package]]
name = "num-rational"
version = "0.4.1"
source = "registry+https://github.com/rust-lang/crates.io-index"
checksum = "0638a1c9d0a3c0914158145bc76cff373a75a627e6ecbfb71cbe6f453a5a19b0"
dependencies = [
 "autocfg",
 "num-bigint",
 "num-integer",
 "num-traits",
]

[[package]]
name = "num-traits"
version = "0.2.15"
source = "registry+https://github.com/rust-lang/crates.io-index"
checksum = "578ede34cf02f8924ab9447f50c28075b4d3e5b269972345e7e0372b38c6cdcd"
dependencies = [
 "autocfg",
]

[[package]]
name = "num_cpus"
version = "1.15.0"
source = "registry+https://github.com/rust-lang/crates.io-index"
checksum = "0fac9e2da13b5eb447a6ce3d392f23a29d8694bff781bf03a16cd9ac8697593b"
dependencies = [
 "hermit-abi",
 "libc",
]

[[package]]
name = "once_cell"
version = "1.18.0"
source = "registry+https://github.com/rust-lang/crates.io-index"
checksum = "dd8b5dd2ae5ed71462c540258bedcb51965123ad7e7ccf4b9a8cafaa4a63576d"

[[package]]
name = "peeking_take_while"
version = "0.1.2"
source = "registry+https://github.com/rust-lang/crates.io-index"
checksum = "19b17cddbe7ec3f8bc800887bab5e717348c95ea2ca0b1bf0837fb964dc67099"

[[package]]
name = "proc-macro-hack"
version = "0.5.20+deprecated"
source = "registry+https://github.com/rust-lang/crates.io-index"
checksum = "dc375e1527247fe1a97d8b7156678dfe7c1af2fc075c9a4db3690ecd2a148068"

[[package]]
name = "proc-macro2"
version = "1.0.60"
source = "registry+https://github.com/rust-lang/crates.io-index"
checksum = "dec2b086b7a862cf4de201096214fa870344cf922b2b30c167badb3af3195406"
dependencies = [
 "unicode-ident",
]

[[package]]
name = "quote"
version = "1.0.28"
source = "registry+https://github.com/rust-lang/crates.io-index"
checksum = "1b9ab9c7eadfd8df19006f1cf1a4aed13540ed5cbc047010ece5826e10825488"
dependencies = [
 "proc-macro2",
]

[[package]]
name = "rayon"
version = "1.7.0"
source = "registry+https://github.com/rust-lang/crates.io-index"
checksum = "1d2df5196e37bcc87abebc0053e20787d73847bb33134a69841207dd0a47f03b"
dependencies = [
 "either",
 "rayon-core",
]

[[package]]
name = "rayon-core"
version = "1.11.0"
source = "registry+https://github.com/rust-lang/crates.io-index"
checksum = "4b8f95bd6966f5c87776639160a66bd8ab9895d9d4ab01ddba9fc60661aebe8d"
dependencies = [
 "crossbeam-channel",
 "crossbeam-deque",
 "crossbeam-utils",
 "num_cpus",
]

[[package]]
name = "rb-sys"
version = "0.9.79"
source = "registry+https://github.com/rust-lang/crates.io-index"
checksum = "939fb78db3e4f26665c1d4c7b91ca66d3578335a19aba552d4a6445811d07072"
dependencies = [
 "rb-sys-build",
]

[[package]]
name = "rb-sys-build"
version = "0.9.79"
source = "registry+https://github.com/rust-lang/crates.io-index"
checksum = "335a95eb0420d52fa94ef12019df3c2c250c6b19cbb3c60bd05cb7e9c362072c"
dependencies = [
 "bindgen",
 "lazy_static",
 "proc-macro2",
 "quote",
 "regex",
 "shell-words",
 "syn 1.0.109",
]

[[package]]
name = "rb-sys-env"
version = "0.1.2"
source = "registry+https://github.com/rust-lang/crates.io-index"
checksum = "a35802679f07360454b418a5d1735c89716bde01d35b1560fc953c1415a0b3bb"

[[package]]
name = "regex"
version = "1.8.4"
source = "registry+https://github.com/rust-lang/crates.io-index"
checksum = "d0ab3ca65655bb1e41f2a8c8cd662eb4fb035e67c3f78da1d61dffe89d07300f"
dependencies = [
 "aho-corasick",
 "memchr",
 "regex-syntax",
]

[[package]]
name = "regex-syntax"
version = "0.7.2"
source = "registry+https://github.com/rust-lang/crates.io-index"
checksum = "436b050e76ed2903236f032a59761c1eb99e1b0aead2c257922771dab1fc8c78"

[[package]]
name = "rustc-hash"
version = "1.1.0"
source = "registry+https://github.com/rust-lang/crates.io-index"
checksum = "08d43f7aa6b08d49f382cde6a7982047c3426db949b1424bc4b7ec9ae12c6ce2"

[[package]]
name = "rustversion"
version = "1.0.12"
source = "registry+https://github.com/rust-lang/crates.io-index"
checksum = "4f3208ce4d8448b3f3e7d168a73f5e0c43a61e32930de3bceeccedb388b6bf06"

[[package]]
name = "ryu"
version = "1.0.13"
source = "registry+https://github.com/rust-lang/crates.io-index"
checksum = "f91339c0467de62360649f8d3e185ca8de4224ff281f66000de5eb2a77a79041"

[[package]]
name = "scopeguard"
version = "1.1.0"
source = "registry+https://github.com/rust-lang/crates.io-index"
checksum = "d29ab0c6d3fc0ee92fe66e2d99f700eab17a8d57d1c1d3b748380fb20baa78cd"

[[package]]
name = "serde"
version = "1.0.164"
source = "registry+https://github.com/rust-lang/crates.io-index"
checksum = "9e8c8cf938e98f769bc164923b06dce91cea1751522f46f8466461af04c9027d"
dependencies = [
 "serde_derive",
]

[[package]]
name = "serde-wasm-bindgen"
version = "0.5.0"
source = "registry+https://github.com/rust-lang/crates.io-index"
checksum = "f3b143e2833c57ab9ad3ea280d21fd34e285a42837aeb0ee301f4f41890fa00e"
dependencies = [
 "js-sys",
 "serde",
 "wasm-bindgen",
]

[[package]]
name = "serde_derive"
version = "1.0.164"
source = "registry+https://github.com/rust-lang/crates.io-index"
checksum = "d9735b638ccc51c28bf6914d90a2e9725b377144fc612c49a611fddd1b631d68"
dependencies = [
 "proc-macro2",
 "quote",
 "syn 2.0.18",
]

[[package]]
name = "serde_json"
version = "1.0.96"
source = "registry+https://github.com/rust-lang/crates.io-index"
checksum = "057d394a50403bcac12672b2b18fb387ab6d289d957dab67dd201875391e52f1"
dependencies = [
 "itoa",
 "ryu",
 "serde",
]

[[package]]
name = "shell-words"
version = "1.1.0"
source = "registry+https://github.com/rust-lang/crates.io-index"
checksum = "24188a676b6ae68c3b2cb3a01be17fbf7240ce009799bb56d5b1409051e78fde"

[[package]]
name = "shlex"
version = "1.1.0"
source = "registry+https://github.com/rust-lang/crates.io-index"
checksum = "43b2853a4d09f215c24cc5489c992ce46052d359b5109343cbafbf26bc62f8a3"

[[package]]
name = "static_assertions"
version = "1.1.0"
source = "registry+https://github.com/rust-lang/crates.io-index"
checksum = "a2eb9349b6444b326872e140eb1cf5e7c522154d69e7a0ffb0fb81c06b37543f"

[[package]]
name = "strum"
version = "0.24.1"
source = "registry+https://github.com/rust-lang/crates.io-index"
checksum = "063e6045c0e62079840579a7e47a355ae92f60eb74daaf156fb1e84ba164e63f"

[[package]]
name = "strum_macros"
version = "0.24.3"
source = "registry+https://github.com/rust-lang/crates.io-index"
checksum = "1e385be0d24f186b4ce2f9982191e7101bb737312ad61c1f2f984f34bcf85d59"
dependencies = [
 "heck",
 "proc-macro2",
 "quote",
 "rustversion",
 "syn 1.0.109",
]

[[package]]
name = "syn"
version = "1.0.109"
source = "registry+https://github.com/rust-lang/crates.io-index"
checksum = "72b64191b275b66ffe2469e8af2c1cfe3bafa67b529ead792a6d0160888b4237"
dependencies = [
 "proc-macro2",
 "quote",
 "unicode-ident",
]

[[package]]
name = "syn"
version = "2.0.18"
source = "registry+https://github.com/rust-lang/crates.io-index"
checksum = "32d41677bcbe24c20c52e7c70b0d8db04134c5d1066bf98662e2871ad200ea3e"
dependencies = [
 "proc-macro2",
 "quote",
 "unicode-ident",
]

[[package]]
name = "tiny-keccak"
version = "2.0.2"
source = "registry+https://github.com/rust-lang/crates.io-index"
checksum = "2c9d3793400a45f954c52e73d068316d76b6f4e36977e3fcebb13a2721e80237"
dependencies = [
 "crunchy",
]

[[package]]
name = "unicode-ident"
version = "1.0.9"
source = "registry+https://github.com/rust-lang/crates.io-index"
checksum = "b15811caf2415fb889178633e7724bad2509101cde276048e013b9def5e51fa0"

[[package]]
name = "version_check"
version = "0.9.4"
source = "registry+https://github.com/rust-lang/crates.io-index"
checksum = "49874b5167b65d7193b8aba1567f5c7d93d001cafc34600cee003eda787e483f"

[[package]]
name = "wasi"
version = "0.11.0+wasi-snapshot-preview1"
source = "registry+https://github.com/rust-lang/crates.io-index"
checksum = "9c8d87e72b64a3b4db28d11ce29237c246188f4f51057d65a7eab63b7987e423"

[[package]]
name = "wasm-bindgen"
version = "0.2.87"
source = "registry+https://github.com/rust-lang/crates.io-index"
checksum = "7706a72ab36d8cb1f80ffbf0e071533974a60d0a308d01a5d0375bf60499a342"
dependencies = [
 "cfg-if",
 "wasm-bindgen-macro",
]

[[package]]
name = "wasm-bindgen-backend"
version = "0.2.87"
source = "registry+https://github.com/rust-lang/crates.io-index"
checksum = "5ef2b6d3c510e9625e5fe6f509ab07d66a760f0885d858736483c32ed7809abd"
dependencies = [
 "bumpalo",
 "log",
 "once_cell",
 "proc-macro2",
 "quote",
 "syn 2.0.18",
 "wasm-bindgen-shared",
]

[[package]]
name = "wasm-bindgen-macro"
version = "0.2.87"
source = "registry+https://github.com/rust-lang/crates.io-index"
checksum = "dee495e55982a3bd48105a7b947fd2a9b4a8ae3010041b9e0faab3f9cd028f1d"
dependencies = [
 "quote",
 "wasm-bindgen-macro-support",
]

[[package]]
name = "wasm-bindgen-macro-support"
version = "0.2.87"
source = "registry+https://github.com/rust-lang/crates.io-index"
checksum = "54681b18a46765f095758388f2d0cf16eb8d4169b639ab575a8f5693af210c7b"
dependencies = [
 "proc-macro2",
 "quote",
 "syn 2.0.18",
 "wasm-bindgen-backend",
 "wasm-bindgen-shared",
]

[[package]]
name = "wasm-bindgen-shared"
version = "0.2.87"
source = "registry+https://github.com/rust-lang/crates.io-index"
checksum = "ca6ad05a4870b2bf5fe995117d3728437bd27d7cd5f06f13c17443ef369775a1"

[[package]]
name = "what_you_say"
version = "1.0.0"
dependencies = [
 "lingua",
 "magnus",
]

[[package]]
name = "winapi"
version = "0.3.9"
source = "registry+https://github.com/rust-lang/crates.io-index"
checksum = "5c839a674fcd7a98952e593242ea400abe93992746761e38641405d28b00f419"
dependencies = [
 "winapi-i686-pc-windows-gnu",
 "winapi-x86_64-pc-windows-gnu",
]

[[package]]
name = "winapi-i686-pc-windows-gnu"
version = "0.4.0"
source = "registry+https://github.com/rust-lang/crates.io-index"
checksum = "ac3b87c63620426dd9b991e5ce0329eff545bccbbb34f3be09ff6fb6ab51b7b6"

[[package]]
name = "winapi-x86_64-pc-windows-gnu"
version = "0.4.0"
source = "registry+https://github.com/rust-lang/crates.io-index"
checksum = "712e227841d057c1ee1cd2fb22fa7e5a5461ae8e48fa2ca79ec42cfc1931183f"
