# This file is automatically @generated by Cargo.
# It is not intended for manual editing.
version = 3

[[package]]
name = "ahash"
version = "0.8.7"
source = "registry+https://github.com/rust-lang/crates.io-index"
checksum = "77c3a9648d43b9cd48db467b3f87fdd6e146bcc88ab0180006cef2179fe11d01"
dependencies = [
 "cfg-if",
 "const-random",
 "getrandom",
 "once_cell",
 "version_check",
 "zerocopy",
]

[[package]]
name = "aho-corasick"
version = "1.1.2"
source = "registry+https://github.com/rust-lang/crates.io-index"
checksum = "b2969dcb958b36655471fc61f7e416fa76033bdd4bfed0678d8fee1e2d07a1f0"
dependencies = [
 "memchr",
]

[[package]]
name = "alloc-no-stdlib"
version = "2.0.4"
source = "registry+https://github.com/rust-lang/crates.io-index"
checksum = "cc7bb162ec39d46ab1ca8c77bf72e890535becd1751bb45f64c597edb4c8c6b3"

[[package]]
name = "alloc-stdlib"
version = "0.2.2"
source = "registry+https://github.com/rust-lang/crates.io-index"
checksum = "94fb8275041c72129eb51b7d0322c29b8387a0386127718b096429201a5d6ece"
dependencies = [
 "alloc-no-stdlib",
]

[[package]]
name = "autocfg"
version = "1.1.0"
source = "registry+https://github.com/rust-lang/crates.io-index"
checksum = "d468802bab17cbc0cc575e9b053f41e72aa36bfa6b7f55e3529ffa43161b97fa"

[[package]]
name = "bindgen"
version = "0.69.1"
source = "registry+https://github.com/rust-lang/crates.io-index"
checksum = "9ffcebc3849946a7170a05992aac39da343a90676ab392c51a4280981d6379c2"
dependencies = [
 "bitflags",
 "cexpr",
 "clang-sys",
 "lazy_static",
 "lazycell",
 "peeking_take_while",
 "proc-macro2",
 "quote",
 "regex",
 "rustc-hash",
 "shlex",
 "syn",
]

[[package]]
name = "bitflags"
version = "2.4.1"
source = "registry+https://github.com/rust-lang/crates.io-index"
checksum = "327762f6e5a765692301e5bb513e0d9fef63be86bbc14528052b1cd3e6f03e07"

[[package]]
name = "brotli"
version = "3.4.0"
source = "registry+https://github.com/rust-lang/crates.io-index"
checksum = "516074a47ef4bce09577a3b379392300159ce5b1ba2e501ff1c819950066100f"
dependencies = [
 "alloc-no-stdlib",
 "alloc-stdlib",
 "brotli-decompressor",
]

[[package]]
name = "brotli-decompressor"
version = "2.5.1"
source = "registry+https://github.com/rust-lang/crates.io-index"
checksum = "4e2e4afe60d7dd600fdd3de8d0f08c2b7ec039712e3b6137ff98b7004e82de4f"
dependencies = [
 "alloc-no-stdlib",
 "alloc-stdlib",
]

[[package]]
name = "bumpalo"
version = "3.14.0"
source = "registry+https://github.com/rust-lang/crates.io-index"
checksum = "7f30e7476521f6f8af1a1c4c0b8cc94f0bee37d91763d0ca2665f299b6cd8aec"

[[package]]
name = "castaway"
version = "0.2.2"
source = "registry+https://github.com/rust-lang/crates.io-index"
checksum = "8a17ed5635fc8536268e5d4de1e22e81ac34419e5f052d4d51f4e01dcc263fcc"
dependencies = [
 "rustversion",
]

[[package]]
name = "cexpr"
version = "0.6.0"
source = "registry+https://github.com/rust-lang/crates.io-index"
checksum = "6fac387a98bb7c37292057cffc56d62ecb629900026402633ae9160df93a8766"
dependencies = [
 "nom",
]

[[package]]
name = "cfg-if"
version = "1.0.0"
source = "registry+https://github.com/rust-lang/crates.io-index"
checksum = "baf1de4339761588bc0619e3cbc0120ee582ebb74b53b4efbf79117bd2da40fd"

[[package]]
name = "clang-sys"
version = "1.7.0"
source = "registry+https://github.com/rust-lang/crates.io-index"
checksum = "67523a3b4be3ce1989d607a828d036249522dd9c1c8de7f4dd2dae43a37369d1"
dependencies = [
 "glob",
 "libc",
 "libloading",
]

[[package]]
name = "compact_str"
version = "0.7.1"
source = "registry+https://github.com/rust-lang/crates.io-index"
checksum = "f86b9c4c00838774a6d902ef931eff7470720c51d90c2e32cfe15dc304737b3f"
dependencies = [
 "castaway",
 "cfg-if",
 "itoa",
 "ryu",
 "static_assertions",
]

[[package]]
name = "const-random"
version = "0.1.17"
source = "registry+https://github.com/rust-lang/crates.io-index"
checksum = "5aaf16c9c2c612020bcfd042e170f6e32de9b9d75adb5277cdbbd2e2c8c8299a"
dependencies = [
 "const-random-macro",
]

[[package]]
name = "const-random-macro"
version = "0.1.16"
source = "registry+https://github.com/rust-lang/crates.io-index"
checksum = "f9d839f2a20b0aee515dc581a6172f2321f96cab76c1a38a4c584a194955390e"
dependencies = [
 "getrandom",
 "once_cell",
 "tiny-keccak",
]

[[package]]
name = "crossbeam-deque"
version = "0.8.4"
source = "registry+https://github.com/rust-lang/crates.io-index"
checksum = "fca89a0e215bab21874660c67903c5f143333cab1da83d041c7ded6053774751"
dependencies = [
 "cfg-if",
 "crossbeam-epoch",
 "crossbeam-utils",
]

[[package]]
name = "crossbeam-epoch"
version = "0.9.17"
source = "registry+https://github.com/rust-lang/crates.io-index"
checksum = "0e3681d554572a651dda4186cd47240627c3d0114d45a95f6ad27f2f22e7548d"
dependencies = [
 "autocfg",
 "cfg-if",
 "crossbeam-utils",
]

[[package]]
name = "crossbeam-utils"
version = "0.8.18"
source = "registry+https://github.com/rust-lang/crates.io-index"
checksum = "c3a430a770ebd84726f584a90ee7f020d28db52c6d02138900f22341f866d39c"
dependencies = [
 "cfg-if",
]

[[package]]
name = "crunchy"
version = "0.2.2"
source = "registry+https://github.com/rust-lang/crates.io-index"
checksum = "7a81dae078cea95a014a339291cec439d2f232ebe854a9d672b796c6afafa9b7"

[[package]]
name = "either"
version = "1.9.0"
source = "registry+https://github.com/rust-lang/crates.io-index"
checksum = "a26ae43d7bcc3b814de94796a5e736d4029efb0ee900c12e2d54c993ad1a1e07"

[[package]]
name = "fraction"
version = "0.14.0"
source = "registry+https://github.com/rust-lang/crates.io-index"
checksum = "59a78dd758a47a7305478e0e054f9fde4e983b9f9eccda162bf7ca03b79e9d40"
dependencies = [
 "lazy_static",
 "num",
]

[[package]]
name = "getrandom"
version = "0.2.11"
source = "registry+https://github.com/rust-lang/crates.io-index"
checksum = "fe9006bed769170c11f845cf00c7c1e9092aeb3f268e007c3e760ac68008070f"
dependencies = [
 "cfg-if",
 "libc",
 "wasi",
]

[[package]]
name = "glob"
version = "0.3.1"
source = "registry+https://github.com/rust-lang/crates.io-index"
checksum = "d2fabcfbdc87f4758337ca535fb41a6d701b65693ce38287d856d1674551ec9b"

[[package]]
name = "heck"
version = "0.4.1"
source = "registry+https://github.com/rust-lang/crates.io-index"
checksum = "95505c38b4572b2d910cecb0281560f54b440a19336cbbcb27bf6ce6adc6f5a8"

[[package]]
name = "include_dir"
version = "0.7.3"
source = "registry+https://github.com/rust-lang/crates.io-index"
checksum = "18762faeff7122e89e0857b02f7ce6fcc0d101d5e9ad2ad7846cc01d61b7f19e"
dependencies = [
 "include_dir_macros",
]

[[package]]
name = "include_dir_macros"
version = "0.7.3"
source = "registry+https://github.com/rust-lang/crates.io-index"
checksum = "b139284b5cf57ecfa712bcc66950bb635b31aff41c188e8a4cfc758eca374a3f"
dependencies = [
 "proc-macro2",
 "quote",
]

[[package]]
name = "itertools"
version = "0.12.0"
source = "registry+https://github.com/rust-lang/crates.io-index"
checksum = "25db6b064527c5d482d0423354fcd07a89a2dfe07b67892e62411946db7f07b0"
dependencies = [
 "either",
]

[[package]]
name = "itoa"
version = "1.0.10"
source = "registry+https://github.com/rust-lang/crates.io-index"
checksum = "b1a46d1a171d865aa5f83f92695765caa047a9b4cbae2cbf37dbd613a793fd4c"

[[package]]
name = "js-sys"
version = "0.3.66"
source = "registry+https://github.com/rust-lang/crates.io-index"
checksum = "cee9c64da59eae3b50095c18d3e74f8b73c0b86d2792824ff01bbce68ba229ca"
dependencies = [
 "wasm-bindgen",
]

[[package]]
name = "lazy_static"
version = "1.4.0"
source = "registry+https://github.com/rust-lang/crates.io-index"
checksum = "e2abad23fbc42b3700f2f279844dc832adb2b2eb069b2df918f455c4e18cc646"

[[package]]
name = "lazycell"
version = "1.3.0"
source = "registry+https://github.com/rust-lang/crates.io-index"
checksum = "830d08ce1d1d941e6b30645f1a0eb5643013d835ce3779a5fc208261dbe10f55"

[[package]]
name = "libc"
version = "0.2.151"
source = "registry+https://github.com/rust-lang/crates.io-index"
checksum = "302d7ab3130588088d277783b1e2d2e10c9e9e4a16dd9050e6ec93fb3e7048f4"

[[package]]
name = "libloading"
version = "0.8.1"
source = "registry+https://github.com/rust-lang/crates.io-index"
checksum = "c571b676ddfc9a8c12f1f3d3085a7b163966a8fd8098a90640953ce5f6170161"
dependencies = [
 "cfg-if",
 "windows-sys",
]

[[package]]
name = "lingua"
version = "1.6.2"
source = "registry+https://github.com/rust-lang/crates.io-index"
checksum = "d109aef84956f04b8b5866db17e59f964152411915ad27b6e291b262d63a442c"
dependencies = [
 "ahash",
 "brotli",
 "compact_str",
 "fraction",
 "include_dir",
 "itertools",
 "lingua-afrikaans-language-model",
 "lingua-albanian-language-model",
 "lingua-arabic-language-model",
 "lingua-armenian-language-model",
 "lingua-azerbaijani-language-model",
 "lingua-basque-language-model",
 "lingua-belarusian-language-model",
 "lingua-bengali-language-model",
 "lingua-bokmal-language-model",
 "lingua-bosnian-language-model",
 "lingua-bulgarian-language-model",
 "lingua-catalan-language-model",
 "lingua-chinese-language-model",
 "lingua-croatian-language-model",
 "lingua-czech-language-model",
 "lingua-danish-language-model",
 "lingua-dutch-language-model",
 "lingua-english-language-model",
 "lingua-esperanto-language-model",
 "lingua-estonian-language-model",
 "lingua-finnish-language-model",
 "lingua-french-language-model",
 "lingua-ganda-language-model",
 "lingua-georgian-language-model",
 "lingua-german-language-model",
 "lingua-greek-language-model",
 "lingua-gujarati-language-model",
 "lingua-hebrew-language-model",
 "lingua-hindi-language-model",
 "lingua-hungarian-language-model",
 "lingua-icelandic-language-model",
 "lingua-indonesian-language-model",
 "lingua-irish-language-model",
 "lingua-italian-language-model",
 "lingua-japanese-language-model",
 "lingua-kazakh-language-model",
 "lingua-korean-language-model",
 "lingua-latin-language-model",
 "lingua-latvian-language-model",
 "lingua-lithuanian-language-model",
 "lingua-macedonian-language-model",
 "lingua-malay-language-model",
 "lingua-maori-language-model",
 "lingua-marathi-language-model",
 "lingua-mongolian-language-model",
 "lingua-nynorsk-language-model",
 "lingua-persian-language-model",
 "lingua-polish-language-model",
 "lingua-portuguese-language-model",
 "lingua-punjabi-language-model",
 "lingua-romanian-language-model",
 "lingua-russian-language-model",
 "lingua-serbian-language-model",
 "lingua-shona-language-model",
 "lingua-slovak-language-model",
 "lingua-slovene-language-model",
 "lingua-somali-language-model",
 "lingua-sotho-language-model",
 "lingua-spanish-language-model",
 "lingua-swahili-language-model",
 "lingua-swedish-language-model",
 "lingua-tagalog-language-model",
 "lingua-tamil-language-model",
 "lingua-telugu-language-model",
 "lingua-thai-language-model",
 "lingua-tsonga-language-model",
 "lingua-tswana-language-model",
 "lingua-turkish-language-model",
 "lingua-ukrainian-language-model",
 "lingua-urdu-language-model",
 "lingua-vietnamese-language-model",
 "lingua-welsh-language-model",
 "lingua-xhosa-language-model",
 "lingua-yoruba-language-model",
 "lingua-zulu-language-model",
 "maplit",
 "once_cell",
 "rayon",
 "regex",
 "serde",
 "serde-wasm-bindgen",
 "serde_json",
 "strum",
 "strum_macros",
 "wasm-bindgen",
]

[[package]]
name = "lingua-afrikaans-language-model"
version = "1.1.0"
source = "registry+https://github.com/rust-lang/crates.io-index"
checksum = "a97df3a7cd698a09753cb32c0f403cf9f698fa0ae1b081fc1b14fc4707301392"
dependencies = [
 "include_dir",
]

[[package]]
name = "lingua-albanian-language-model"
version = "1.1.0"
source = "registry+https://github.com/rust-lang/crates.io-index"
checksum = "c1f78f0468f3337d53bd1cdc481e0f1c445e33ce43650d654d8b56037daa1996"
dependencies = [
 "include_dir",
]

[[package]]
name = "lingua-arabic-language-model"
version = "1.1.0"
source = "registry+https://github.com/rust-lang/crates.io-index"
checksum = "6ada75100728990b05bacaec7693efebf0c8b911599ac0c082cb4ed576bf494d"
dependencies = [
 "include_dir",
]

[[package]]
name = "lingua-armenian-language-model"
version = "1.1.0"
source = "registry+https://github.com/rust-lang/crates.io-index"
checksum = "d126f4182866345c5df9cef2e0a3ca64891d7bf0325c31f99df360c00c72bc0f"
dependencies = [
 "include_dir",
]

[[package]]
name = "lingua-azerbaijani-language-model"
version = "1.1.0"
source = "registry+https://github.com/rust-lang/crates.io-index"
checksum = "962742b8bed5483adb31cfd12b4ee79fc8dccfa602bb4c25a240579236394892"
dependencies = [
 "include_dir",
]

[[package]]
name = "lingua-basque-language-model"
version = "1.1.0"
source = "registry+https://github.com/rust-lang/crates.io-index"
checksum = "710aa0c4203d3c019b624601233b0035723087ba2cb9de8572632cb8c5ac97a4"
dependencies = [
 "include_dir",
]

[[package]]
name = "lingua-belarusian-language-model"
version = "1.1.0"
source = "registry+https://github.com/rust-lang/crates.io-index"
checksum = "a5b76ec320c7646f0c8849371530ba5332d64f640fc170c14d63102bd27580f5"
dependencies = [
 "include_dir",
]

[[package]]
name = "lingua-bengali-language-model"
version = "1.1.0"
source = "registry+https://github.com/rust-lang/crates.io-index"
checksum = "ecf9f1c7b00c78984eee240f2188f1781a69a08b87bfb1aabd3e3cc50c0d279d"
dependencies = [
 "include_dir",
]

[[package]]
name = "lingua-bokmal-language-model"
version = "1.1.0"
source = "registry+https://github.com/rust-lang/crates.io-index"
checksum = "2a9215ee6bbe6d37222dc5dbd9d1577389810011cb8afbef6155e71a11fa5cb9"
dependencies = [
 "include_dir",
]

[[package]]
name = "lingua-bosnian-language-model"
version = "1.1.0"
source = "registry+https://github.com/rust-lang/crates.io-index"
checksum = "98f836f559334e2d9c0e1876c87e72431b25412b164efd194a840a13b49d8c3b"
dependencies = [
 "include_dir",
]

[[package]]
name = "lingua-bulgarian-language-model"
version = "1.1.0"
source = "registry+https://github.com/rust-lang/crates.io-index"
checksum = "f6639397b34419af35835a594178f93dd84edb3a146938f0f1d7013c1a48a5a1"
dependencies = [
 "include_dir",
]

[[package]]
name = "lingua-catalan-language-model"
version = "1.1.0"
source = "registry+https://github.com/rust-lang/crates.io-index"
checksum = "d0d9acd43a1320961fe4cb8571ebc0e87d9809a0e9d6d71e5cbab86fab923201"
dependencies = [
 "include_dir",
]

[[package]]
name = "lingua-chinese-language-model"
version = "1.1.0"
source = "registry+https://github.com/rust-lang/crates.io-index"
checksum = "45a1e3a38a0920f6ddbd9b6a79a8c04cd927142713b595ba32be6b811603f7c6"
dependencies = [
 "include_dir",
]

[[package]]
name = "lingua-croatian-language-model"
version = "1.1.0"
source = "registry+https://github.com/rust-lang/crates.io-index"
checksum = "66eaa997d1fa477c42d2497beeb546b63576e04cc6057a60718daabe061c2344"
dependencies = [
 "include_dir",
]

[[package]]
name = "lingua-czech-language-model"
version = "1.1.0"
source = "registry+https://github.com/rust-lang/crates.io-index"
checksum = "ed98f50055cb5c9b06c20da82029c8cfe204332ab3360349545cbc3d465cd1d1"
dependencies = [
 "include_dir",
]

[[package]]
name = "lingua-danish-language-model"
version = "1.1.0"
source = "registry+https://github.com/rust-lang/crates.io-index"
checksum = "0adc4abde17e94cf023a1ae4f3bcda3b13dcfecfc1f6421f59f17f904d5b5ed2"
dependencies = [
 "include_dir",
]

[[package]]
name = "lingua-dutch-language-model"
version = "1.1.0"
source = "registry+https://github.com/rust-lang/crates.io-index"
checksum = "30f3db5635a5e964d85190b5d32ca391d9f7630137630458a605c7ab33583db9"
dependencies = [
 "include_dir",
]

[[package]]
name = "lingua-english-language-model"
version = "1.1.0"
source = "registry+https://github.com/rust-lang/crates.io-index"
checksum = "fbd066693abb10083bb5b5fc1c494dda357170265021ad873ef582211817b8a8"
dependencies = [
 "include_dir",
]

[[package]]
name = "lingua-esperanto-language-model"
version = "1.1.0"
source = "registry+https://github.com/rust-lang/crates.io-index"
checksum = "7877160b3346161f2714236c9ab1c667097821c0dbb31e5bce42f23c82a157c2"
dependencies = [
 "include_dir",
]

[[package]]
name = "lingua-estonian-language-model"
version = "1.1.0"
source = "registry+https://github.com/rust-lang/crates.io-index"
checksum = "9a25c07d8a67c82a5c41d8cb2893a4032332d18abadd8d06d80a654f6a1b3c47"
dependencies = [
 "include_dir",
]

[[package]]
name = "lingua-finnish-language-model"
version = "1.1.0"
source = "registry+https://github.com/rust-lang/crates.io-index"
checksum = "d07e0f34931973ec268916cb4c183e06df880e8e43ee99124522ea8c767c9940"
dependencies = [
 "include_dir",
]

[[package]]
name = "lingua-french-language-model"
version = "1.1.0"
source = "registry+https://github.com/rust-lang/crates.io-index"
checksum = "ba406de05309b212790036e576aee4b1a71ce62b77fbd084df5bc8d7c624866f"
dependencies = [
 "include_dir",
]

[[package]]
name = "lingua-ganda-language-model"
version = "1.1.0"
source = "registry+https://github.com/rust-lang/crates.io-index"
checksum = "f9890e6f6b48bf7f2240da770020c5045a1885598c6cb6bc25df73e0182f4792"
dependencies = [
 "include_dir",
]

[[package]]
name = "lingua-georgian-language-model"
version = "1.1.0"
source = "registry+https://github.com/rust-lang/crates.io-index"
checksum = "c7392be814065ff3ff71bae7dbb463a47039a68f90d45dd34f4ca7221c0c2f01"
dependencies = [
 "include_dir",
]

[[package]]
name = "lingua-german-language-model"
version = "1.1.0"
source = "registry+https://github.com/rust-lang/crates.io-index"
checksum = "0dd4041d542b6512d415c0ea6979333e5e88698b966dda7b9bf06029bf690a13"
dependencies = [
 "include_dir",
]

[[package]]
name = "lingua-greek-language-model"
version = "1.1.0"
source = "registry+https://github.com/rust-lang/crates.io-index"
checksum = "3e1f5a17634410f527a6360979209504072ff9e71e29a0578b18a4f57dcb611b"
dependencies = [
 "include_dir",
]

[[package]]
name = "lingua-gujarati-language-model"
version = "1.1.0"
source = "registry+https://github.com/rust-lang/crates.io-index"
checksum = "0ee11b10ffdf8f4eb3d2078c9edec73fb51a36d061ddc6d6e847585a3b91909e"
dependencies = [
 "include_dir",
]

[[package]]
name = "lingua-hebrew-language-model"
version = "1.1.0"
source = "registry+https://github.com/rust-lang/crates.io-index"
checksum = "1a13c9fa3f21bfb91ed3a9710add72c332d0e36234ea9b9d5ed3d6e2235051f6"
dependencies = [
 "include_dir",
]

[[package]]
name = "lingua-hindi-language-model"
version = "1.1.0"
source = "registry+https://github.com/rust-lang/crates.io-index"
checksum = "f63659e514fa8c706d2ed0d7a04b98adb05b8c8d4bc37e3d12edb9d35ce24fd0"
dependencies = [
 "include_dir",
]

[[package]]
name = "lingua-hungarian-language-model"
version = "1.1.0"
source = "registry+https://github.com/rust-lang/crates.io-index"
checksum = "885525276c696b978c4a1aee8a2b3b9a822724e47348c260d05e9092ebd8c96e"
dependencies = [
 "include_dir",
]

[[package]]
name = "lingua-icelandic-language-model"
version = "1.1.0"
source = "registry+https://github.com/rust-lang/crates.io-index"
checksum = "b616e573df1aa0bc9881fcef4258d3445fc80f5efe3a71ab010c68eb97ab659d"
dependencies = [
 "include_dir",
]

[[package]]
name = "lingua-indonesian-language-model"
version = "1.1.0"
source = "registry+https://github.com/rust-lang/crates.io-index"
checksum = "dc06b8937f6adaad76b28fd009cbfaa6f876ebe5fa887d96dccd1dff2d21d9ad"
dependencies = [
 "include_dir",
]

[[package]]
name = "lingua-irish-language-model"
version = "1.1.0"
source = "registry+https://github.com/rust-lang/crates.io-index"
checksum = "a6258beb6627274163aac7da4dda1e6bcbcf7ff404efa603d0e59e8054f77199"
dependencies = [
 "include_dir",
]

[[package]]
name = "lingua-italian-language-model"
version = "1.1.0"
source = "registry+https://github.com/rust-lang/crates.io-index"
checksum = "0c6e138047ac4d681e419e37ad9e383878652ac19e67056ff16085d4cc82e590"
dependencies = [
 "include_dir",
]

[[package]]
name = "lingua-japanese-language-model"
version = "1.1.0"
source = "registry+https://github.com/rust-lang/crates.io-index"
checksum = "b34b94aa96a1bc0838ddda2c7912d0ebd7256bb21e7a2974e4dd8b186df501a8"
dependencies = [
 "include_dir",
]

[[package]]
name = "lingua-kazakh-language-model"
version = "1.1.0"
source = "registry+https://github.com/rust-lang/crates.io-index"
checksum = "1b64a848cc1a38dc3c4e7a5ad18b9f2ecbd6abf4c453a8898538d96e6a5c0da4"
dependencies = [
 "include_dir",
]

[[package]]
name = "lingua-korean-language-model"
version = "1.1.0"
source = "registry+https://github.com/rust-lang/crates.io-index"
checksum = "35c47aa5e5dc8d029967375081aabda462faf10b070aefc1a175ea7f42f5267c"
dependencies = [
 "include_dir",
]

[[package]]
name = "lingua-latin-language-model"
version = "1.1.0"
source = "registry+https://github.com/rust-lang/crates.io-index"
checksum = "6d0922f27e68ae15397160ab1835aefb5a878bc14f0c0ce79b6d074ee828b4d7"
dependencies = [
 "include_dir",
]

[[package]]
name = "lingua-latvian-language-model"
version = "1.1.0"
source = "registry+https://github.com/rust-lang/crates.io-index"
checksum = "0b6cc01bbfda64ccbfb00b5172d7ba9327053da8c38a85c0b71c969533cf8f08"
dependencies = [
 "include_dir",
]

[[package]]
name = "lingua-lithuanian-language-model"
version = "1.1.0"
source = "registry+https://github.com/rust-lang/crates.io-index"
checksum = "a9b68e593c8f72e77b1fe823633baae744681bd8def2dce7d2830947b41c4b1e"
dependencies = [
 "include_dir",
]

[[package]]
name = "lingua-macedonian-language-model"
version = "1.1.0"
source = "registry+https://github.com/rust-lang/crates.io-index"
checksum = "1e288bc4ec1776131580ed80d842de39bce0355bcc3cc59c519008e60f9276fe"
dependencies = [
 "include_dir",
]

[[package]]
name = "lingua-malay-language-model"
version = "1.1.0"
source = "registry+https://github.com/rust-lang/crates.io-index"
checksum = "771c6b7ab2865e2563e1ce19bf06611aad674c3f0a180ec43c03a9883e49c8aa"
dependencies = [
 "include_dir",
]

[[package]]
name = "lingua-maori-language-model"
version = "1.1.0"
source = "registry+https://github.com/rust-lang/crates.io-index"
checksum = "d653a0c16c5cfaa088bdf75e362ba4f715cbd6dbca391f1637a6c49c1e8aff90"
dependencies = [
 "include_dir",
]

[[package]]
name = "lingua-marathi-language-model"
version = "1.1.0"
source = "registry+https://github.com/rust-lang/crates.io-index"
checksum = "b1a141c8d9670ff22e541c064ccab3cfbbc2db2625ec20236d73d76dd98e8ba0"
dependencies = [
 "include_dir",
]

[[package]]
name = "lingua-mongolian-language-model"
version = "1.1.0"
source = "registry+https://github.com/rust-lang/crates.io-index"
checksum = "f53de502920af44b5d8ec7787895c0a81b0f5f43e3f3c2b80a240f2b605122c1"
dependencies = [
 "include_dir",
]

[[package]]
name = "lingua-nynorsk-language-model"
version = "1.1.0"
source = "registry+https://github.com/rust-lang/crates.io-index"
checksum = "db00b13561df244acb76927677200ff399b02d8c9b160d25a38320ef3361cfa9"
dependencies = [
 "include_dir",
]

[[package]]
name = "lingua-persian-language-model"
version = "1.1.0"
source = "registry+https://github.com/rust-lang/crates.io-index"
checksum = "043ba9b4ac7df99acaa1cd9f5925d6fc9b0fe850d3891bbeb91b27ed94f266c4"
dependencies = [
 "include_dir",
]

[[package]]
name = "lingua-polish-language-model"
version = "1.1.0"
source = "registry+https://github.com/rust-lang/crates.io-index"
checksum = "f298b650531a5d85d3101ad7db7a5cbf3b671b71f01a775e97d4165eebc9ff75"
dependencies = [
 "include_dir",
]

[[package]]
name = "lingua-portuguese-language-model"
version = "1.1.0"
source = "registry+https://github.com/rust-lang/crates.io-index"
checksum = "9df0be307b3f5e24e10e76a7841302c0ff4a6ebf818a11d3a3c5c4cecfcfe58b"
dependencies = [
 "include_dir",
]

[[package]]
name = "lingua-punjabi-language-model"
version = "1.1.0"
source = "registry+https://github.com/rust-lang/crates.io-index"
checksum = "cc529e58e6af7cca366af7fb964b4cad7a357d538d4b6a7eccde31ae4bd7604f"
dependencies = [
 "include_dir",
]

[[package]]
name = "lingua-romanian-language-model"
version = "1.1.0"
source = "registry+https://github.com/rust-lang/crates.io-index"
checksum = "b0428c13d8e05e65929ec170e807c8508c2201c63c7802c7786de0c3b78e390b"
dependencies = [
 "include_dir",
]

[[package]]
name = "lingua-russian-language-model"
version = "1.1.0"
source = "registry+https://github.com/rust-lang/crates.io-index"
checksum = "dea97d6643e90ee4fc0043c728f0c06cdd9e69d4970fd1983e5c59b3448a676e"
dependencies = [
 "include_dir",
]

[[package]]
name = "lingua-serbian-language-model"
version = "1.1.0"
source = "registry+https://github.com/rust-lang/crates.io-index"
checksum = "b7b181be3137969bf5a9e10d8773666d01223886a4d7454048fad99e7b0416db"
dependencies = [
 "include_dir",
]

[[package]]
name = "lingua-shona-language-model"
version = "1.1.0"
source = "registry+https://github.com/rust-lang/crates.io-index"
checksum = "509772c502f2a47ec7cd5b50be1bc34b51dcb98cca1f5e30143c96de61a757bb"
dependencies = [
 "include_dir",
]

[[package]]
name = "lingua-slovak-language-model"
version = "1.1.0"
source = "registry+https://github.com/rust-lang/crates.io-index"
checksum = "44e1e99e6725e99659367ac80731efc24298a7a24190ff3d777209e86be3dc40"
dependencies = [
 "include_dir",
]

[[package]]
name = "lingua-slovene-language-model"
version = "1.1.0"
source = "registry+https://github.com/rust-lang/crates.io-index"
checksum = "49fc410d0acdf3068cc9c7ae493348d47a26be0d3d8c5c23603c807befd949c1"
dependencies = [
 "include_dir",
]

[[package]]
name = "lingua-somali-language-model"
version = "1.1.0"
source = "registry+https://github.com/rust-lang/crates.io-index"
checksum = "dde8a66f8901e7e5eac9af985ace066bd5ed3643815beaecb2d7a7b86645d0b3"
dependencies = [
 "include_dir",
]

[[package]]
name = "lingua-sotho-language-model"
version = "1.1.0"
source = "registry+https://github.com/rust-lang/crates.io-index"
checksum = "58084eb81faf32f62c922e8b3f3dfdcadacf5de934edfb7d3b1acb3759d89f04"
dependencies = [
 "include_dir",
]

[[package]]
name = "lingua-spanish-language-model"
version = "1.1.0"
source = "registry+https://github.com/rust-lang/crates.io-index"
checksum = "d45be9bede9b9d6d53b6e06047822a18dbd83e5d515736afecd85c1e71cc6070"
dependencies = [
 "include_dir",
]

[[package]]
name = "lingua-swahili-language-model"
version = "1.1.0"
source = "registry+https://github.com/rust-lang/crates.io-index"
checksum = "f251246905cf56e519af87095fd31264417c19de83fb9e2e0ade5e8c27af4fe3"
dependencies = [
 "include_dir",
]

[[package]]
name = "lingua-swedish-language-model"
version = "1.1.0"
source = "registry+https://github.com/rust-lang/crates.io-index"
checksum = "2c0289dc7e5654aac497c829369b811ae1870eb9d5f76c6b82527bbe5470aa0d"
dependencies = [
 "include_dir",
]

[[package]]
name = "lingua-tagalog-language-model"
version = "1.1.0"
source = "registry+https://github.com/rust-lang/crates.io-index"
checksum = "cc5cb889e86a8a62f56f06d0d9bd92d16f697151a9b3dcdefef0ba39624c5cb0"
dependencies = [
 "include_dir",
]

[[package]]
name = "lingua-tamil-language-model"
version = "1.1.0"
source = "registry+https://github.com/rust-lang/crates.io-index"
checksum = "630d10fabcd5a289b5cd4b651df0c448692a3e55cc7e28334313a2d76d2916e5"
dependencies = [
 "include_dir",
]

[[package]]
name = "lingua-telugu-language-model"
version = "1.1.0"
source = "registry+https://github.com/rust-lang/crates.io-index"
checksum = "0501f9b52fc247ef4e1f4020fd44a90cccddf9914724977cb3440eced01cbe07"
dependencies = [
 "include_dir",
]

[[package]]
name = "lingua-thai-language-model"
version = "1.1.0"
source = "registry+https://github.com/rust-lang/crates.io-index"
checksum = "194b09209fc63d986d8ef9505689756eff1935fa52fd91031b60e7d546ca3c76"
dependencies = [
 "include_dir",
]

[[package]]
name = "lingua-tsonga-language-model"
version = "1.1.0"
source = "registry+https://github.com/rust-lang/crates.io-index"
checksum = "5aa10493e6bb3bfd8591254a5657eb98bad6be33334c4ebd791edb354fc83b07"
dependencies = [
 "include_dir",
]

[[package]]
name = "lingua-tswana-language-model"
version = "1.1.0"
source = "registry+https://github.com/rust-lang/crates.io-index"
checksum = "5db016128507f4eb48dbe96b05be134c9385f6752da7949c653a24e3c4661e37"
dependencies = [
 "include_dir",
]

[[package]]
name = "lingua-turkish-language-model"
version = "1.1.0"
source = "registry+https://github.com/rust-lang/crates.io-index"
checksum = "7b517e12fe94ce80e7f8f380fdd2c0223bcfe351c0898c9a83f56f78b3afad81"
dependencies = [
 "include_dir",
]

[[package]]
name = "lingua-ukrainian-language-model"
version = "1.1.0"
source = "registry+https://github.com/rust-lang/crates.io-index"
checksum = "14ed035dd4b7ec5f76fe3b07e5f499d76c4cdb2a6d275459e4cdd3a3d21f131a"
dependencies = [
 "include_dir",
]

[[package]]
name = "lingua-urdu-language-model"
version = "1.1.0"
source = "registry+https://github.com/rust-lang/crates.io-index"
checksum = "1b9edb8e15e88004b5b89e80f1bf41237770c5536805494dcf627f7ec550eaf4"
dependencies = [
 "include_dir",
]

[[package]]
name = "lingua-vietnamese-language-model"
version = "1.1.0"
source = "registry+https://github.com/rust-lang/crates.io-index"
checksum = "07d08afaf263906aa3f2bfaffaf52eecd368992685e2468f1ba7f85f3e41fd49"
dependencies = [
 "include_dir",
]

[[package]]
name = "lingua-welsh-language-model"
version = "1.1.0"
source = "registry+https://github.com/rust-lang/crates.io-index"
checksum = "07c47a533b66772fdd7ece069359900b18824851464a4dd4fd8e4b29928d19b1"
dependencies = [
 "include_dir",
]

[[package]]
name = "lingua-xhosa-language-model"
version = "1.1.0"
source = "registry+https://github.com/rust-lang/crates.io-index"
checksum = "55a48851d35933a57c6f87a4fdc25d7eeba8eff98f1852b00d7c8c15b2a818fb"
dependencies = [
 "include_dir",
]

[[package]]
name = "lingua-yoruba-language-model"
version = "1.1.0"
source = "registry+https://github.com/rust-lang/crates.io-index"
checksum = "5bf6365215ffb772d22c18fbf55b1503ad292aa9a5e93d1249d9307117f6b0ef"
dependencies = [
 "include_dir",
]

[[package]]
name = "lingua-zulu-language-model"
version = "1.1.0"
source = "registry+https://github.com/rust-lang/crates.io-index"
checksum = "63f8b5c7f412d078f37ffd2874297afce76719c4b1b7c4856af0fa4e8f89abe2"
dependencies = [
 "include_dir",
]

[[package]]
name = "log"
version = "0.4.20"
source = "registry+https://github.com/rust-lang/crates.io-index"
checksum = "b5e6163cb8c49088c2c36f57875e58ccd8c87c7427f7fbd50ea6710b2f3f2e8f"

[[package]]
name = "magnus"
version = "0.6.2"
source = "registry+https://github.com/rust-lang/crates.io-index"
checksum = "4778544796676e8428e9c622460ebf284bea52d8b10db3aeb449d8b5e61b3a13"
dependencies = [
 "magnus-macros",
 "rb-sys",
 "rb-sys-env",
 "seq-macro",
]

[[package]]
name = "magnus-macros"
version = "0.6.0"
source = "registry+https://github.com/rust-lang/crates.io-index"
checksum = "5968c820e2960565f647819f5928a42d6e874551cab9d88d75e3e0660d7f71e3"
dependencies = [
 "proc-macro2",
 "quote",
 "syn",
]

[[package]]
name = "maplit"
version = "1.0.2"
source = "registry+https://github.com/rust-lang/crates.io-index"
checksum = "3e2e65a1a2e43cfcb47a895c4c8b10d1f4a61097f9f254f183aee60cad9c651d"

[[package]]
name = "memchr"
version = "2.7.1"
source = "registry+https://github.com/rust-lang/crates.io-index"
checksum = "523dc4f511e55ab87b694dc30d0f820d60906ef06413f93d4d7a1385599cc149"

[[package]]
name = "minimal-lexical"
version = "0.2.1"
source = "registry+https://github.com/rust-lang/crates.io-index"
checksum = "68354c5c6bd36d73ff3feceb05efa59b6acb7626617f4962be322a825e61f79a"

[[package]]
name = "nom"
version = "7.1.3"
source = "registry+https://github.com/rust-lang/crates.io-index"
checksum = "d273983c5a657a70a3e8f2a01329822f3b8c8172b73826411a55751e404a0a4a"
dependencies = [
 "memchr",
 "minimal-lexical",
]

[[package]]
name = "num"
version = "0.4.1"
source = "registry+https://github.com/rust-lang/crates.io-index"
checksum = "b05180d69e3da0e530ba2a1dae5110317e49e3b7f3d41be227dc5f92e49ee7af"
dependencies = [
 "num-bigint",
 "num-complex",
 "num-integer",
 "num-iter",
 "num-rational",
 "num-traits",
]

[[package]]
name = "num-bigint"
version = "0.4.4"
source = "registry+https://github.com/rust-lang/crates.io-index"
checksum = "608e7659b5c3d7cba262d894801b9ec9d00de989e8a82bd4bef91d08da45cdc0"
dependencies = [
 "autocfg",
 "num-integer",
 "num-traits",
]

[[package]]
name = "num-complex"
version = "0.4.4"
source = "registry+https://github.com/rust-lang/crates.io-index"
checksum = "1ba157ca0885411de85d6ca030ba7e2a83a28636056c7c699b07c8b6f7383214"
dependencies = [
 "num-traits",
]

[[package]]
name = "num-integer"
version = "0.1.45"
source = "registry+https://github.com/rust-lang/crates.io-index"
checksum = "225d3389fb3509a24c93f5c29eb6bde2586b98d9f016636dff58d7c6f7569cd9"
dependencies = [
 "autocfg",
 "num-traits",
]

[[package]]
name = "num-iter"
version = "0.1.43"
source = "registry+https://github.com/rust-lang/crates.io-index"
checksum = "7d03e6c028c5dc5cac6e2dec0efda81fc887605bb3d884578bb6d6bf7514e252"
dependencies = [
 "autocfg",
 "num-integer",
 "num-traits",
]

[[package]]
name = "num-rational"
version = "0.4.1"
source = "registry+https://github.com/rust-lang/crates.io-index"
checksum = "0638a1c9d0a3c0914158145bc76cff373a75a627e6ecbfb71cbe6f453a5a19b0"
dependencies = [
 "autocfg",
 "num-bigint",
 "num-integer",
 "num-traits",
]

[[package]]
name = "num-traits"
version = "0.2.17"
source = "registry+https://github.com/rust-lang/crates.io-index"
checksum = "39e3200413f237f41ab11ad6d161bc7239c84dcb631773ccd7de3dfe4b5c267c"
dependencies = [
 "autocfg",
]

[[package]]
name = "once_cell"
version = "1.19.0"
source = "registry+https://github.com/rust-lang/crates.io-index"
checksum = "3fdb12b2476b595f9358c5161aa467c2438859caa136dec86c26fdd2efe17b92"

[[package]]
name = "peeking_take_while"
version = "0.1.2"
source = "registry+https://github.com/rust-lang/crates.io-index"
checksum = "19b17cddbe7ec3f8bc800887bab5e717348c95ea2ca0b1bf0837fb964dc67099"

[[package]]
name = "proc-macro2"
version = "1.0.75"
source = "registry+https://github.com/rust-lang/crates.io-index"
checksum = "907a61bd0f64c2f29cd1cf1dc34d05176426a3f504a78010f08416ddb7b13708"
dependencies = [
 "unicode-ident",
]

[[package]]
name = "quote"
version = "1.0.35"
source = "registry+https://github.com/rust-lang/crates.io-index"
checksum = "291ec9ab5efd934aaf503a6466c5d5251535d108ee747472c3977cc5acc868ef"
dependencies = [
 "proc-macro2",
]

[[package]]
name = "rayon"
version = "1.8.0"
source = "registry+https://github.com/rust-lang/crates.io-index"
checksum = "9c27db03db7734835b3f53954b534c91069375ce6ccaa2e065441e07d9b6cdb1"
dependencies = [
 "either",
 "rayon-core",
]

[[package]]
name = "rayon-core"
version = "1.12.0"
source = "registry+https://github.com/rust-lang/crates.io-index"
checksum = "5ce3fb6ad83f861aac485e76e1985cd109d9a3713802152be56c3b1f0e0658ed"
dependencies = [
 "crossbeam-deque",
 "crossbeam-utils",
]

[[package]]
name = "rb-sys"
version = "0.9.86"
source = "registry+https://github.com/rust-lang/crates.io-index"
checksum = "7285f2a7b92f58ab198e3fd59a71d2861478f9c4642f41e83582385818941697"
dependencies = [
 "rb-sys-build",
]

[[package]]
name = "rb-sys-build"
version = "0.9.86"
source = "registry+https://github.com/rust-lang/crates.io-index"
checksum = "71583945f94dabb6c0dfa63f1b71e929c1901e1e288ef3739ab8bed3b7069550"
dependencies = [
 "bindgen",
 "lazy_static",
 "proc-macro2",
 "quote",
 "regex",
 "shell-words",
 "syn",
]

[[package]]
name = "rb-sys-env"
version = "0.1.2"
source = "registry+https://github.com/rust-lang/crates.io-index"
checksum = "a35802679f07360454b418a5d1735c89716bde01d35b1560fc953c1415a0b3bb"

[[package]]
name = "regex"
version = "1.10.2"
source = "registry+https://github.com/rust-lang/crates.io-index"
checksum = "380b951a9c5e80ddfd6136919eef32310721aa4aacd4889a8d39124b026ab343"
dependencies = [
 "aho-corasick",
 "memchr",
 "regex-automata",
 "regex-syntax",
]

[[package]]
name = "regex-automata"
version = "0.4.3"
source = "registry+https://github.com/rust-lang/crates.io-index"
checksum = "5f804c7828047e88b2d32e2d7fe5a105da8ee3264f01902f796c8e067dc2483f"
dependencies = [
 "aho-corasick",
 "memchr",
 "regex-syntax",
]

[[package]]
name = "regex-syntax"
version = "0.8.2"
source = "registry+https://github.com/rust-lang/crates.io-index"
checksum = "c08c74e62047bb2de4ff487b251e4a92e24f48745648451635cec7d591162d9f"

[[package]]
name = "rustc-hash"
version = "1.1.0"
source = "registry+https://github.com/rust-lang/crates.io-index"
checksum = "08d43f7aa6b08d49f382cde6a7982047c3426db949b1424bc4b7ec9ae12c6ce2"

[[package]]
name = "rustversion"
version = "1.0.14"
source = "registry+https://github.com/rust-lang/crates.io-index"
checksum = "7ffc183a10b4478d04cbbbfc96d0873219d962dd5accaff2ffbd4ceb7df837f4"

[[package]]
name = "ryu"
version = "1.0.16"
source = "registry+https://github.com/rust-lang/crates.io-index"
checksum = "f98d2aa92eebf49b69786be48e4477826b256916e84a57ff2a4f21923b48eb4c"

[[package]]
name = "seq-macro"
version = "0.3.5"
source = "registry+https://github.com/rust-lang/crates.io-index"
checksum = "a3f0bf26fd526d2a95683cd0f87bf103b8539e2ca1ef48ce002d67aad59aa0b4"

[[package]]
name = "serde"
version = "1.0.194"
source = "registry+https://github.com/rust-lang/crates.io-index"
checksum = "0b114498256798c94a0689e1a15fec6005dee8ac1f41de56404b67afc2a4b773"
dependencies = [
 "serde_derive",
]

[[package]]
name = "serde-wasm-bindgen"
version = "0.6.3"
source = "registry+https://github.com/rust-lang/crates.io-index"
checksum = "b9b713f70513ae1f8d92665bbbbda5c295c2cf1da5542881ae5eefe20c9af132"
dependencies = [
 "js-sys",
 "serde",
 "wasm-bindgen",
]

[[package]]
name = "serde_derive"
version = "1.0.194"
source = "registry+https://github.com/rust-lang/crates.io-index"
checksum = "a3385e45322e8f9931410f01b3031ec534c3947d0e94c18049af4d9f9907d4e0"
dependencies = [
 "proc-macro2",
 "quote",
 "syn",
]

[[package]]
name = "serde_json"
version = "1.0.110"
source = "registry+https://github.com/rust-lang/crates.io-index"
checksum = "6fbd975230bada99c8bb618e0c365c2eefa219158d5c6c29610fd09ff1833257"
dependencies = [
 "itoa",
 "ryu",
 "serde",
]

[[package]]
name = "shell-words"
version = "1.1.0"
source = "registry+https://github.com/rust-lang/crates.io-index"
checksum = "24188a676b6ae68c3b2cb3a01be17fbf7240ce009799bb56d5b1409051e78fde"

[[package]]
name = "shlex"
version = "1.2.0"
source = "registry+https://github.com/rust-lang/crates.io-index"
checksum = "a7cee0529a6d40f580e7a5e6c495c8fbfe21b7b52795ed4bb5e62cdf92bc6380"

[[package]]
name = "static_assertions"
version = "1.1.0"
source = "registry+https://github.com/rust-lang/crates.io-index"
checksum = "a2eb9349b6444b326872e140eb1cf5e7c522154d69e7a0ffb0fb81c06b37543f"

[[package]]
name = "strum"
version = "0.25.0"
source = "registry+https://github.com/rust-lang/crates.io-index"
checksum = "290d54ea6f91c969195bdbcd7442c8c2a2ba87da8bf60a7ee86a235d4bc1e125"

[[package]]
name = "strum_macros"
version = "0.25.3"
source = "registry+https://github.com/rust-lang/crates.io-index"
checksum = "23dc1fa9ac9c169a78ba62f0b841814b7abae11bdd047b9c58f893439e309ea0"
dependencies = [
 "heck",
 "proc-macro2",
 "quote",
 "rustversion",
 "syn",
]

[[package]]
name = "syn"
version = "2.0.47"
source = "registry+https://github.com/rust-lang/crates.io-index"
checksum = "1726efe18f42ae774cc644f330953a5e7b3c3003d3edcecf18850fe9d4dd9afb"
dependencies = [
 "proc-macro2",
 "quote",
 "unicode-ident",
]

[[package]]
name = "tiny-keccak"
version = "2.0.2"
source = "registry+https://github.com/rust-lang/crates.io-index"
checksum = "2c9d3793400a45f954c52e73d068316d76b6f4e36977e3fcebb13a2721e80237"
dependencies = [
 "crunchy",
]

[[package]]
name = "unicode-ident"
version = "1.0.12"
source = "registry+https://github.com/rust-lang/crates.io-index"
checksum = "3354b9ac3fae1ff6755cb6db53683adb661634f67557942dea4facebec0fee4b"

[[package]]
name = "version_check"
version = "0.9.4"
source = "registry+https://github.com/rust-lang/crates.io-index"
checksum = "49874b5167b65d7193b8aba1567f5c7d93d001cafc34600cee003eda787e483f"

[[package]]
name = "wasi"
version = "0.11.0+wasi-snapshot-preview1"
source = "registry+https://github.com/rust-lang/crates.io-index"
checksum = "9c8d87e72b64a3b4db28d11ce29237c246188f4f51057d65a7eab63b7987e423"

[[package]]
name = "wasm-bindgen"
version = "0.2.89"
source = "registry+https://github.com/rust-lang/crates.io-index"
checksum = "0ed0d4f68a3015cc185aff4db9506a015f4b96f95303897bfa23f846db54064e"
dependencies = [
 "cfg-if",
 "wasm-bindgen-macro",
]

[[package]]
name = "wasm-bindgen-backend"
version = "0.2.89"
source = "registry+https://github.com/rust-lang/crates.io-index"
checksum = "1b56f625e64f3a1084ded111c4d5f477df9f8c92df113852fa5a374dbda78826"
dependencies = [
 "bumpalo",
 "log",
 "once_cell",
 "proc-macro2",
 "quote",
 "syn",
 "wasm-bindgen-shared",
]

[[package]]
name = "wasm-bindgen-macro"
version = "0.2.89"
source = "registry+https://github.com/rust-lang/crates.io-index"
checksum = "0162dbf37223cd2afce98f3d0785506dcb8d266223983e4b5b525859e6e182b2"
dependencies = [
 "quote",
 "wasm-bindgen-macro-support",
]

[[package]]
name = "wasm-bindgen-macro-support"
version = "0.2.89"
source = "registry+https://github.com/rust-lang/crates.io-index"
checksum = "f0eb82fcb7930ae6219a7ecfd55b217f5f0893484b7a13022ebb2b2bf20b5283"
dependencies = [
 "proc-macro2",
 "quote",
 "syn",
 "wasm-bindgen-backend",
 "wasm-bindgen-shared",
]

[[package]]
name = "wasm-bindgen-shared"
version = "0.2.89"
source = "registry+https://github.com/rust-lang/crates.io-index"
checksum = "7ab9b36309365056cd639da3134bf87fa8f3d86008abf99e612384a6eecd459f"

[[package]]
name = "what_you_say"
version = "1.0.0"
dependencies = [
 "lingua",
 "magnus",
]

[[package]]
name = "windows-sys"
version = "0.48.0"
source = "registry+https://github.com/rust-lang/crates.io-index"
checksum = "677d2418bec65e3338edb076e806bc1ec15693c5d0104683f2efe857f61056a9"
dependencies = [
 "windows-targets",
]

[[package]]
name = "windows-targets"
version = "0.48.5"
source = "registry+https://github.com/rust-lang/crates.io-index"
checksum = "9a2fa6e2155d7247be68c096456083145c183cbbbc2764150dda45a87197940c"
dependencies = [
 "windows_aarch64_gnullvm",
 "windows_aarch64_msvc",
 "windows_i686_gnu",
 "windows_i686_msvc",
 "windows_x86_64_gnu",
 "windows_x86_64_gnullvm",
 "windows_x86_64_msvc",
]

[[package]]
name = "windows_aarch64_gnullvm"
version = "0.48.5"
source = "registry+https://github.com/rust-lang/crates.io-index"
checksum = "2b38e32f0abccf9987a4e3079dfb67dcd799fb61361e53e2882c3cbaf0d905d8"

[[package]]
name = "windows_aarch64_msvc"
version = "0.48.5"
source = "registry+https://github.com/rust-lang/crates.io-index"
checksum = "dc35310971f3b2dbbf3f0690a219f40e2d9afcf64f9ab7cc1be722937c26b4bc"

[[package]]
name = "windows_i686_gnu"
version = "0.48.5"
source = "registry+https://github.com/rust-lang/crates.io-index"
checksum = "a75915e7def60c94dcef72200b9a8e58e5091744960da64ec734a6c6e9b3743e"

[[package]]
name = "windows_i686_msvc"
version = "0.48.5"
source = "registry+https://github.com/rust-lang/crates.io-index"
checksum = "8f55c233f70c4b27f66c523580f78f1004e8b5a8b659e05a4eb49d4166cca406"

[[package]]
name = "windows_x86_64_gnu"
version = "0.48.5"
source = "registry+https://github.com/rust-lang/crates.io-index"
checksum = "53d40abd2583d23e4718fddf1ebec84dbff8381c07cae67ff7768bbf19c6718e"

[[package]]
name = "windows_x86_64_gnullvm"
version = "0.48.5"
source = "registry+https://github.com/rust-lang/crates.io-index"
checksum = "0b7b52767868a23d5bab768e390dc5f5c55825b6d30b86c844ff2dc7414044cc"

[[package]]
name = "windows_x86_64_msvc"
version = "0.48.5"
source = "registry+https://github.com/rust-lang/crates.io-index"
checksum = "ed94fce61571a4006852b7389a063ab983c02eb1bb37b47f8272ce92d06d9538"

[[package]]
name = "zerocopy"
version = "0.7.32"
source = "registry+https://github.com/rust-lang/crates.io-index"
checksum = "74d4d3961e53fa4c9a25a8637fc2bfaf2595b3d3ae34875568a5cf64787716be"
dependencies = [
 "zerocopy-derive",
]

[[package]]
name = "zerocopy-derive"
version = "0.7.32"
source = "registry+https://github.com/rust-lang/crates.io-index"
checksum = "9ce1b18ccd8e73a9321186f97e46f9f04b778851177567b1975109d26a08d2a6"
dependencies = [
 "proc-macro2",
 "quote",
 "syn",
]
